// !$*UTF8*$!
{
	archiveVersion = 1;
	classes = {
	};
	objectVersion = 46;
	objects = {

/* Begin PBXAggregateTarget section */
		5C42CA1E14E3C39F00EB3F53 /* xmllib_ios_combined */ = {
			isa = PBXAggregateTarget;
			buildConfigurationList = 5C42CA1F14E3C39F00EB3F53 /* Build configuration list for PBXAggregateTarget "xmllib_ios_combined" */;
			buildPhases = (
				5C42CA2214E3C4DF00EB3F53 /* ShellScript */,
			);
			dependencies = (
			);
			name = xmllib_ios_combined;
			productName = xmllib_ios_combined;
		};
/* End PBXAggregateTarget section */

/* Begin PBXBuildFile section */
		5C42C99D14E3C22B00EB3F53 /* Foundation.framework in Frameworks */ = {isa = PBXBuildFile; fileRef = 5C42C99C14E3C22B00EB3F53 /* Foundation.framework */; };
		5C42C9DC14E3C26C00EB3F53 /* c14n.c in Sources */ = {isa = PBXBuildFile; fileRef = 5C42C9AC14E3C26C00EB3F53 /* c14n.c */; };
		5C42C9DD14E3C26C00EB3F53 /* catalog.c in Sources */ = {isa = PBXBuildFile; fileRef = 5C42C9AD14E3C26C00EB3F53 /* catalog.c */; };
		5C42C9DE14E3C26C00EB3F53 /* chvalid.c in Sources */ = {isa = PBXBuildFile; fileRef = 5C42C9AE14E3C26C00EB3F53 /* chvalid.c */; };
		5C42C9DF14E3C26C00EB3F53 /* debugXML.c in Sources */ = {isa = PBXBuildFile; fileRef = 5C42C9AF14E3C26C00EB3F53 /* debugXML.c */; };
		5C42C9E014E3C26C00EB3F53 /* dict.c in Sources */ = {isa = PBXBuildFile; fileRef = 5C42C9B014E3C26C00EB3F53 /* dict.c */; };
		5C42C9E114E3C26C00EB3F53 /* DOCBparser.c in Sources */ = {isa = PBXBuildFile; fileRef = 5C42C9B114E3C26C00EB3F53 /* DOCBparser.c */; };
		5C42C9E214E3C26C00EB3F53 /* encoding.c in Sources */ = {isa = PBXBuildFile; fileRef = 5C42C9B214E3C26C00EB3F53 /* encoding.c */; };
		5C42C9E314E3C26C00EB3F53 /* entities.c in Sources */ = {isa = PBXBuildFile; fileRef = 5C42C9B314E3C26C00EB3F53 /* entities.c */; };
		5C42C9E414E3C26C00EB3F53 /* error.c in Sources */ = {isa = PBXBuildFile; fileRef = 5C42C9B414E3C26C00EB3F53 /* error.c */; };
		5C42C9E514E3C26C00EB3F53 /* globals.c in Sources */ = {isa = PBXBuildFile; fileRef = 5C42C9B514E3C26C00EB3F53 /* globals.c */; };
		5C42C9E614E3C26C00EB3F53 /* hash.c in Sources */ = {isa = PBXBuildFile; fileRef = 5C42C9B614E3C26C00EB3F53 /* hash.c */; };
		5C42C9E714E3C26C00EB3F53 /* HTMLparser.c in Sources */ = {isa = PBXBuildFile; fileRef = 5C42C9B714E3C26C00EB3F53 /* HTMLparser.c */; };
		5C42C9E814E3C26C00EB3F53 /* HTMLtree.c in Sources */ = {isa = PBXBuildFile; fileRef = 5C42C9B814E3C26C00EB3F53 /* HTMLtree.c */; };
		5C42C9E914E3C26C00EB3F53 /* legacy.c in Sources */ = {isa = PBXBuildFile; fileRef = 5C42C9B914E3C26C00EB3F53 /* legacy.c */; };
		5C42C9EA14E3C26C00EB3F53 /* list.c in Sources */ = {isa = PBXBuildFile; fileRef = 5C42C9BA14E3C26C00EB3F53 /* list.c */; };
		5C42C9EB14E3C26C00EB3F53 /* nanoftp.c in Sources */ = {isa = PBXBuildFile; fileRef = 5C42C9BB14E3C26C00EB3F53 /* nanoftp.c */; };
		5C42C9EC14E3C26C00EB3F53 /* nanohttp.c in Sources */ = {isa = PBXBuildFile; fileRef = 5C42C9BC14E3C26C00EB3F53 /* nanohttp.c */; };
		5C42C9ED14E3C26C00EB3F53 /* parser.c in Sources */ = {isa = PBXBuildFile; fileRef = 5C42C9BD14E3C26C00EB3F53 /* parser.c */; };
		5C42C9EE14E3C26C00EB3F53 /* parserInternals.c in Sources */ = {isa = PBXBuildFile; fileRef = 5C42C9BE14E3C26C00EB3F53 /* parserInternals.c */; };
		5C42C9EF14E3C26C00EB3F53 /* pattern.c in Sources */ = {isa = PBXBuildFile; fileRef = 5C42C9BF14E3C26C00EB3F53 /* pattern.c */; };
		5C42C9F014E3C26C00EB3F53 /* relaxng.c in Sources */ = {isa = PBXBuildFile; fileRef = 5C42C9C014E3C26C00EB3F53 /* relaxng.c */; };
		5C42C9F114E3C26C00EB3F53 /* SAX.c in Sources */ = {isa = PBXBuildFile; fileRef = 5C42C9C114E3C26C00EB3F53 /* SAX.c */; };
		5C42C9F214E3C26C00EB3F53 /* SAX2.c in Sources */ = {isa = PBXBuildFile; fileRef = 5C42C9C214E3C26C00EB3F53 /* SAX2.c */; };
		5C42C9F314E3C26C00EB3F53 /* schematron.c in Sources */ = {isa = PBXBuildFile; fileRef = 5C42C9C314E3C26C00EB3F53 /* schematron.c */; };
		5C42C9F414E3C26C00EB3F53 /* threads.c in Sources */ = {isa = PBXBuildFile; fileRef = 5C42C9C414E3C26C00EB3F53 /* threads.c */; };
		5C42C9F514E3C26C00EB3F53 /* tree.c in Sources */ = {isa = PBXBuildFile; fileRef = 5C42C9C514E3C26C00EB3F53 /* tree.c */; };
		5C42C9F614E3C26C00EB3F53 /* trio.c in Sources */ = {isa = PBXBuildFile; fileRef = 5C42C9C614E3C26C00EB3F53 /* trio.c */; };
		5C42C9F714E3C26C00EB3F53 /* trionan.c in Sources */ = {isa = PBXBuildFile; fileRef = 5C42C9C714E3C26C00EB3F53 /* trionan.c */; };
		5C42C9F814E3C26C00EB3F53 /* triostr.c in Sources */ = {isa = PBXBuildFile; fileRef = 5C42C9C814E3C26C00EB3F53 /* triostr.c */; };
		5C42C9F914E3C26C00EB3F53 /* uri.c in Sources */ = {isa = PBXBuildFile; fileRef = 5C42C9C914E3C26C00EB3F53 /* uri.c */; };
		5C42C9FA14E3C26C00EB3F53 /* valid.c in Sources */ = {isa = PBXBuildFile; fileRef = 5C42C9CA14E3C26C00EB3F53 /* valid.c */; };
		5C42C9FB14E3C26C00EB3F53 /* xinclude.c in Sources */ = {isa = PBXBuildFile; fileRef = 5C42C9CB14E3C26C00EB3F53 /* xinclude.c */; };
		5C42C9FC14E3C26C00EB3F53 /* xlink.c in Sources */ = {isa = PBXBuildFile; fileRef = 5C42C9CC14E3C26C00EB3F53 /* xlink.c */; };
		5C42C9FD14E3C26C00EB3F53 /* xmlcatalog.c in Sources */ = {isa = PBXBuildFile; fileRef = 5C42C9CD14E3C26C00EB3F53 /* xmlcatalog.c */; };
		5C42C9FE14E3C26C00EB3F53 /* xmlIO.c in Sources */ = {isa = PBXBuildFile; fileRef = 5C42C9CE14E3C26C00EB3F53 /* xmlIO.c */; };
		5C42C9FF14E3C26C00EB3F53 /* xmllint.c in Sources */ = {isa = PBXBuildFile; fileRef = 5C42C9CF14E3C26C00EB3F53 /* xmllint.c */; };
		5C42CA0014E3C26C00EB3F53 /* xmlmemory.c in Sources */ = {isa = PBXBuildFile; fileRef = 5C42C9D014E3C26C00EB3F53 /* xmlmemory.c */; };
		5C42CA0114E3C26C00EB3F53 /* xmlmodule.c in Sources */ = {isa = PBXBuildFile; fileRef = 5C42C9D114E3C26C00EB3F53 /* xmlmodule.c */; };
		5C42CA0214E3C26C00EB3F53 /* xmlreader.c in Sources */ = {isa = PBXBuildFile; fileRef = 5C42C9D214E3C26C00EB3F53 /* xmlreader.c */; };
		5C42CA0314E3C26C00EB3F53 /* xmlregexp.c in Sources */ = {isa = PBXBuildFile; fileRef = 5C42C9D314E3C26C00EB3F53 /* xmlregexp.c */; };
		5C42CA0414E3C26C00EB3F53 /* xmlsave.c in Sources */ = {isa = PBXBuildFile; fileRef = 5C42C9D414E3C26C00EB3F53 /* xmlsave.c */; };
		5C42CA0514E3C26C00EB3F53 /* xmlschemas.c in Sources */ = {isa = PBXBuildFile; fileRef = 5C42C9D514E3C26C00EB3F53 /* xmlschemas.c */; };
		5C42CA0614E3C26C00EB3F53 /* xmlschemastypes.c in Sources */ = {isa = PBXBuildFile; fileRef = 5C42C9D614E3C26C00EB3F53 /* xmlschemastypes.c */; };
		5C42CA0714E3C26C00EB3F53 /* xmlstring.c in Sources */ = {isa = PBXBuildFile; fileRef = 5C42C9D714E3C26C00EB3F53 /* xmlstring.c */; };
		5C42CA0814E3C26C00EB3F53 /* xmlunicode.c in Sources */ = {isa = PBXBuildFile; fileRef = 5C42C9D814E3C26C00EB3F53 /* xmlunicode.c */; };
		5C42CA0914E3C26C00EB3F53 /* xmlwriter.c in Sources */ = {isa = PBXBuildFile; fileRef = 5C42C9D914E3C26C00EB3F53 /* xmlwriter.c */; };
		5C42CA0A14E3C26C00EB3F53 /* xpath.c in Sources */ = {isa = PBXBuildFile; fileRef = 5C42C9DA14E3C26C00EB3F53 /* xpath.c */; };
		5C42CA0B14E3C26C00EB3F53 /* xpointer.c in Sources */ = {isa = PBXBuildFile; fileRef = 5C42C9DB14E3C26C00EB3F53 /* xpointer.c */; };
		5C42CA1414E3C36300EB3F53 /* Foundation.framework in Frameworks */ = {isa = PBXBuildFile; fileRef = 5C42C99C14E3C22B00EB3F53 /* Foundation.framework */; };
		5C42CA2414E3C6F600EB3F53 /* c14n.c in Sources */ = {isa = PBXBuildFile; fileRef = 5C42C9AC14E3C26C00EB3F53 /* c14n.c */; };
		5C42CA2514E3C6F600EB3F53 /* catalog.c in Sources */ = {isa = PBXBuildFile; fileRef = 5C42C9AD14E3C26C00EB3F53 /* catalog.c */; };
		5C42CA2614E3C6F600EB3F53 /* chvalid.c in Sources */ = {isa = PBXBuildFile; fileRef = 5C42C9AE14E3C26C00EB3F53 /* chvalid.c */; };
		5C42CA2714E3C6F600EB3F53 /* debugXML.c in Sources */ = {isa = PBXBuildFile; fileRef = 5C42C9AF14E3C26C00EB3F53 /* debugXML.c */; };
		5C42CA2814E3C6F600EB3F53 /* dict.c in Sources */ = {isa = PBXBuildFile; fileRef = 5C42C9B014E3C26C00EB3F53 /* dict.c */; };
		5C42CA2914E3C6F600EB3F53 /* DOCBparser.c in Sources */ = {isa = PBXBuildFile; fileRef = 5C42C9B114E3C26C00EB3F53 /* DOCBparser.c */; };
		5C42CA2A14E3C6F600EB3F53 /* encoding.c in Sources */ = {isa = PBXBuildFile; fileRef = 5C42C9B214E3C26C00EB3F53 /* encoding.c */; };
		5C42CA2B14E3C6F600EB3F53 /* entities.c in Sources */ = {isa = PBXBuildFile; fileRef = 5C42C9B314E3C26C00EB3F53 /* entities.c */; };
		5C42CA2C14E3C6F600EB3F53 /* error.c in Sources */ = {isa = PBXBuildFile; fileRef = 5C42C9B414E3C26C00EB3F53 /* error.c */; };
		5C42CA2D14E3C6F600EB3F53 /* globals.c in Sources */ = {isa = PBXBuildFile; fileRef = 5C42C9B514E3C26C00EB3F53 /* globals.c */; };
		5C42CA2E14E3C6F600EB3F53 /* hash.c in Sources */ = {isa = PBXBuildFile; fileRef = 5C42C9B614E3C26C00EB3F53 /* hash.c */; };
		5C42CA2F14E3C6F600EB3F53 /* HTMLparser.c in Sources */ = {isa = PBXBuildFile; fileRef = 5C42C9B714E3C26C00EB3F53 /* HTMLparser.c */; };
		5C42CA3014E3C6F600EB3F53 /* HTMLtree.c in Sources */ = {isa = PBXBuildFile; fileRef = 5C42C9B814E3C26C00EB3F53 /* HTMLtree.c */; };
		5C42CA3114E3C6F600EB3F53 /* legacy.c in Sources */ = {isa = PBXBuildFile; fileRef = 5C42C9B914E3C26C00EB3F53 /* legacy.c */; };
		5C42CA3214E3C6F600EB3F53 /* list.c in Sources */ = {isa = PBXBuildFile; fileRef = 5C42C9BA14E3C26C00EB3F53 /* list.c */; };
		5C42CA3314E3C6F600EB3F53 /* nanoftp.c in Sources */ = {isa = PBXBuildFile; fileRef = 5C42C9BB14E3C26C00EB3F53 /* nanoftp.c */; };
		5C42CA3414E3C6F600EB3F53 /* nanohttp.c in Sources */ = {isa = PBXBuildFile; fileRef = 5C42C9BC14E3C26C00EB3F53 /* nanohttp.c */; };
		5C42CA3514E3C6F600EB3F53 /* parser.c in Sources */ = {isa = PBXBuildFile; fileRef = 5C42C9BD14E3C26C00EB3F53 /* parser.c */; };
		5C42CA3614E3C6F600EB3F53 /* parserInternals.c in Sources */ = {isa = PBXBuildFile; fileRef = 5C42C9BE14E3C26C00EB3F53 /* parserInternals.c */; };
		5C42CA3714E3C6F600EB3F53 /* pattern.c in Sources */ = {isa = PBXBuildFile; fileRef = 5C42C9BF14E3C26C00EB3F53 /* pattern.c */; };
		5C42CA3814E3C6F600EB3F53 /* relaxng.c in Sources */ = {isa = PBXBuildFile; fileRef = 5C42C9C014E3C26C00EB3F53 /* relaxng.c */; };
		5C42CA3914E3C6F600EB3F53 /* SAX.c in Sources */ = {isa = PBXBuildFile; fileRef = 5C42C9C114E3C26C00EB3F53 /* SAX.c */; };
		5C42CA3A14E3C6F600EB3F53 /* SAX2.c in Sources */ = {isa = PBXBuildFile; fileRef = 5C42C9C214E3C26C00EB3F53 /* SAX2.c */; };
		5C42CA3B14E3C6F600EB3F53 /* schematron.c in Sources */ = {isa = PBXBuildFile; fileRef = 5C42C9C314E3C26C00EB3F53 /* schematron.c */; };
		5C42CA3C14E3C6F600EB3F53 /* threads.c in Sources */ = {isa = PBXBuildFile; fileRef = 5C42C9C414E3C26C00EB3F53 /* threads.c */; };
		5C42CA3D14E3C6F600EB3F53 /* tree.c in Sources */ = {isa = PBXBuildFile; fileRef = 5C42C9C514E3C26C00EB3F53 /* tree.c */; };
		5C42CA3E14E3C6F600EB3F53 /* trio.c in Sources */ = {isa = PBXBuildFile; fileRef = 5C42C9C614E3C26C00EB3F53 /* trio.c */; };
		5C42CA3F14E3C6F600EB3F53 /* trionan.c in Sources */ = {isa = PBXBuildFile; fileRef = 5C42C9C714E3C26C00EB3F53 /* trionan.c */; };
		5C42CA4014E3C6F600EB3F53 /* triostr.c in Sources */ = {isa = PBXBuildFile; fileRef = 5C42C9C814E3C26C00EB3F53 /* triostr.c */; };
		5C42CA4114E3C6F600EB3F53 /* uri.c in Sources */ = {isa = PBXBuildFile; fileRef = 5C42C9C914E3C26C00EB3F53 /* uri.c */; };
		5C42CA4214E3C6F600EB3F53 /* valid.c in Sources */ = {isa = PBXBuildFile; fileRef = 5C42C9CA14E3C26C00EB3F53 /* valid.c */; };
		5C42CA4314E3C6F600EB3F53 /* xinclude.c in Sources */ = {isa = PBXBuildFile; fileRef = 5C42C9CB14E3C26C00EB3F53 /* xinclude.c */; };
		5C42CA4414E3C6F600EB3F53 /* xlink.c in Sources */ = {isa = PBXBuildFile; fileRef = 5C42C9CC14E3C26C00EB3F53 /* xlink.c */; };
		5C42CA4514E3C6F600EB3F53 /* xmlcatalog.c in Sources */ = {isa = PBXBuildFile; fileRef = 5C42C9CD14E3C26C00EB3F53 /* xmlcatalog.c */; };
		5C42CA4614E3C6F600EB3F53 /* xmlIO.c in Sources */ = {isa = PBXBuildFile; fileRef = 5C42C9CE14E3C26C00EB3F53 /* xmlIO.c */; };
		5C42CA4714E3C6F600EB3F53 /* xmllint.c in Sources */ = {isa = PBXBuildFile; fileRef = 5C42C9CF14E3C26C00EB3F53 /* xmllint.c */; };
		5C42CA4814E3C6F600EB3F53 /* xmlmemory.c in Sources */ = {isa = PBXBuildFile; fileRef = 5C42C9D014E3C26C00EB3F53 /* xmlmemory.c */; };
		5C42CA4914E3C6F600EB3F53 /* xmlmodule.c in Sources */ = {isa = PBXBuildFile; fileRef = 5C42C9D114E3C26C00EB3F53 /* xmlmodule.c */; };
		5C42CA4A14E3C6F600EB3F53 /* xmlreader.c in Sources */ = {isa = PBXBuildFile; fileRef = 5C42C9D214E3C26C00EB3F53 /* xmlreader.c */; };
		5C42CA4B14E3C6F600EB3F53 /* xmlregexp.c in Sources */ = {isa = PBXBuildFile; fileRef = 5C42C9D314E3C26C00EB3F53 /* xmlregexp.c */; };
		5C42CA4C14E3C6F600EB3F53 /* xmlsave.c in Sources */ = {isa = PBXBuildFile; fileRef = 5C42C9D414E3C26C00EB3F53 /* xmlsave.c */; };
		5C42CA4D14E3C6F600EB3F53 /* xmlschemas.c in Sources */ = {isa = PBXBuildFile; fileRef = 5C42C9D514E3C26C00EB3F53 /* xmlschemas.c */; };
		5C42CA4E14E3C6F600EB3F53 /* xmlschemastypes.c in Sources */ = {isa = PBXBuildFile; fileRef = 5C42C9D614E3C26C00EB3F53 /* xmlschemastypes.c */; };
		5C42CA4F14E3C6F600EB3F53 /* xmlstring.c in Sources */ = {isa = PBXBuildFile; fileRef = 5C42C9D714E3C26C00EB3F53 /* xmlstring.c */; };
		5C42CA5014E3C6F600EB3F53 /* xmlunicode.c in Sources */ = {isa = PBXBuildFile; fileRef = 5C42C9D814E3C26C00EB3F53 /* xmlunicode.c */; };
		5C42CA5114E3C6F600EB3F53 /* xmlwriter.c in Sources */ = {isa = PBXBuildFile; fileRef = 5C42C9D914E3C26C00EB3F53 /* xmlwriter.c */; };
		5C42CA5214E3C6F600EB3F53 /* xpath.c in Sources */ = {isa = PBXBuildFile; fileRef = 5C42C9DA14E3C26C00EB3F53 /* xpath.c */; };
		5C42CA5314E3C6F600EB3F53 /* xpointer.c in Sources */ = {isa = PBXBuildFile; fileRef = 5C42C9DB14E3C26C00EB3F53 /* xpointer.c */; };
/* End PBXBuildFile section */

/* Begin PBXFileReference section */
		5C42C99914E3C22B00EB3F53 /* libxmllib_ios.a */ = {isa = PBXFileReference; explicitFileType = archive.ar; includeInIndex = 0; path = libxmllib_ios.a; sourceTree = BUILT_PRODUCTS_DIR; };
		5C42C99C14E3C22B00EB3F53 /* Foundation.framework */ = {isa = PBXFileReference; lastKnownFileType = wrapper.framework; name = Foundation.framework; path = System/Library/Frameworks/Foundation.framework; sourceTree = SDKROOT; };
		5C42C9AB14E3C25E00EB3F53 /* libxml */ = {isa = PBXFileReference; lastKnownFileType = folder; name = libxml; path = ../../include/libxml; sourceTree = "<group>"; };
		5C42C9AC14E3C26C00EB3F53 /* c14n.c */ = {isa = PBXFileReference; fileEncoding = 4; lastKnownFileType = sourcecode.c.c; name = c14n.c; path = ../../src/c14n.c; sourceTree = "<group>"; };
		5C42C9AD14E3C26C00EB3F53 /* catalog.c */ = {isa = PBXFileReference; fileEncoding = 4; lastKnownFileType = sourcecode.c.c; name = catalog.c; path = ../../src/catalog.c; sourceTree = "<group>"; };
		5C42C9AE14E3C26C00EB3F53 /* chvalid.c */ = {isa = PBXFileReference; fileEncoding = 4; lastKnownFileType = sourcecode.c.c; name = chvalid.c; path = ../../src/chvalid.c; sourceTree = "<group>"; };
		5C42C9AF14E3C26C00EB3F53 /* debugXML.c */ = {isa = PBXFileReference; fileEncoding = 4; lastKnownFileType = sourcecode.c.c; name = debugXML.c; path = ../../src/debugXML.c; sourceTree = "<group>"; };
		5C42C9B014E3C26C00EB3F53 /* dict.c */ = {isa = PBXFileReference; fileEncoding = 4; lastKnownFileType = sourcecode.c.c; name = dict.c; path = ../../src/dict.c; sourceTree = "<group>"; };
		5C42C9B114E3C26C00EB3F53 /* DOCBparser.c */ = {isa = PBXFileReference; fileEncoding = 4; lastKnownFileType = sourcecode.c.c; name = DOCBparser.c; path = ../../src/DOCBparser.c; sourceTree = "<group>"; };
		5C42C9B214E3C26C00EB3F53 /* encoding.c */ = {isa = PBXFileReference; fileEncoding = 4; lastKnownFileType = sourcecode.c.c; name = encoding.c; path = ../../src/encoding.c; sourceTree = "<group>"; };
		5C42C9B314E3C26C00EB3F53 /* entities.c */ = {isa = PBXFileReference; fileEncoding = 4; lastKnownFileType = sourcecode.c.c; name = entities.c; path = ../../src/entities.c; sourceTree = "<group>"; };
		5C42C9B414E3C26C00EB3F53 /* error.c */ = {isa = PBXFileReference; fileEncoding = 4; lastKnownFileType = sourcecode.c.c; name = error.c; path = ../../src/error.c; sourceTree = "<group>"; };
		5C42C9B514E3C26C00EB3F53 /* globals.c */ = {isa = PBXFileReference; fileEncoding = 4; lastKnownFileType = sourcecode.c.c; name = globals.c; path = ../../src/globals.c; sourceTree = "<group>"; };
		5C42C9B614E3C26C00EB3F53 /* hash.c */ = {isa = PBXFileReference; fileEncoding = 4; lastKnownFileType = sourcecode.c.c; name = hash.c; path = ../../src/hash.c; sourceTree = "<group>"; };
		5C42C9B714E3C26C00EB3F53 /* HTMLparser.c */ = {isa = PBXFileReference; fileEncoding = 4; lastKnownFileType = sourcecode.c.c; name = HTMLparser.c; path = ../../src/HTMLparser.c; sourceTree = "<group>"; };
		5C42C9B814E3C26C00EB3F53 /* HTMLtree.c */ = {isa = PBXFileReference; fileEncoding = 4; lastKnownFileType = sourcecode.c.c; name = HTMLtree.c; path = ../../src/HTMLtree.c; sourceTree = "<group>"; };
		5C42C9B914E3C26C00EB3F53 /* legacy.c */ = {isa = PBXFileReference; fileEncoding = 4; lastKnownFileType = sourcecode.c.c; name = legacy.c; path = ../../src/legacy.c; sourceTree = "<group>"; };
		5C42C9BA14E3C26C00EB3F53 /* list.c */ = {isa = PBXFileReference; fileEncoding = 4; lastKnownFileType = sourcecode.c.c; name = list.c; path = ../../src/list.c; sourceTree = "<group>"; };
		5C42C9BB14E3C26C00EB3F53 /* nanoftp.c */ = {isa = PBXFileReference; fileEncoding = 4; lastKnownFileType = sourcecode.c.c; name = nanoftp.c; path = ../../src/nanoftp.c; sourceTree = "<group>"; };
		5C42C9BC14E3C26C00EB3F53 /* nanohttp.c */ = {isa = PBXFileReference; fileEncoding = 4; lastKnownFileType = sourcecode.c.c; name = nanohttp.c; path = ../../src/nanohttp.c; sourceTree = "<group>"; };
		5C42C9BD14E3C26C00EB3F53 /* parser.c */ = {isa = PBXFileReference; fileEncoding = 4; lastKnownFileType = sourcecode.c.c; name = parser.c; path = ../../src/parser.c; sourceTree = "<group>"; };
		5C42C9BE14E3C26C00EB3F53 /* parserInternals.c */ = {isa = PBXFileReference; fileEncoding = 4; lastKnownFileType = sourcecode.c.c; name = parserInternals.c; path = ../../src/parserInternals.c; sourceTree = "<group>"; };
		5C42C9BF14E3C26C00EB3F53 /* pattern.c */ = {isa = PBXFileReference; fileEncoding = 4; lastKnownFileType = sourcecode.c.c; name = pattern.c; path = ../../src/pattern.c; sourceTree = "<group>"; };
		5C42C9C014E3C26C00EB3F53 /* relaxng.c */ = {isa = PBXFileReference; fileEncoding = 4; lastKnownFileType = sourcecode.c.c; name = relaxng.c; path = ../../src/relaxng.c; sourceTree = "<group>"; };
		5C42C9C114E3C26C00EB3F53 /* SAX.c */ = {isa = PBXFileReference; fileEncoding = 4; lastKnownFileType = sourcecode.c.c; name = SAX.c; path = ../../src/SAX.c; sourceTree = "<group>"; };
		5C42C9C214E3C26C00EB3F53 /* SAX2.c */ = {isa = PBXFileReference; fileEncoding = 4; lastKnownFileType = sourcecode.c.c; name = SAX2.c; path = ../../src/SAX2.c; sourceTree = "<group>"; };
		5C42C9C314E3C26C00EB3F53 /* schematron.c */ = {isa = PBXFileReference; fileEncoding = 4; lastKnownFileType = sourcecode.c.c; name = schematron.c; path = ../../src/schematron.c; sourceTree = "<group>"; };
		5C42C9C414E3C26C00EB3F53 /* threads.c */ = {isa = PBXFileReference; fileEncoding = 4; lastKnownFileType = sourcecode.c.c; name = threads.c; path = ../../src/threads.c; sourceTree = "<group>"; };
		5C42C9C514E3C26C00EB3F53 /* tree.c */ = {isa = PBXFileReference; fileEncoding = 4; lastKnownFileType = sourcecode.c.c; name = tree.c; path = ../../src/tree.c; sourceTree = "<group>"; };
		5C42C9C614E3C26C00EB3F53 /* trio.c */ = {isa = PBXFileReference; fileEncoding = 4; lastKnownFileType = sourcecode.c.c; name = trio.c; path = ../../src/trio.c; sourceTree = "<group>"; };
		5C42C9C714E3C26C00EB3F53 /* trionan.c */ = {isa = PBXFileReference; fileEncoding = 4; lastKnownFileType = sourcecode.c.c; name = trionan.c; path = ../../src/trionan.c; sourceTree = "<group>"; };
		5C42C9C814E3C26C00EB3F53 /* triostr.c */ = {isa = PBXFileReference; fileEncoding = 4; lastKnownFileType = sourcecode.c.c; name = triostr.c; path = ../../src/triostr.c; sourceTree = "<group>"; };
		5C42C9C914E3C26C00EB3F53 /* uri.c */ = {isa = PBXFileReference; fileEncoding = 4; lastKnownFileType = sourcecode.c.c; name = uri.c; path = ../../src/uri.c; sourceTree = "<group>"; };
		5C42C9CA14E3C26C00EB3F53 /* valid.c */ = {isa = PBXFileReference; fileEncoding = 4; lastKnownFileType = sourcecode.c.c; name = valid.c; path = ../../src/valid.c; sourceTree = "<group>"; };
		5C42C9CB14E3C26C00EB3F53 /* xinclude.c */ = {isa = PBXFileReference; fileEncoding = 4; lastKnownFileType = sourcecode.c.c; name = xinclude.c; path = ../../src/xinclude.c; sourceTree = "<group>"; };
		5C42C9CC14E3C26C00EB3F53 /* xlink.c */ = {isa = PBXFileReference; fileEncoding = 4; lastKnownFileType = sourcecode.c.c; name = xlink.c; path = ../../src/xlink.c; sourceTree = "<group>"; };
		5C42C9CD14E3C26C00EB3F53 /* xmlcatalog.c */ = {isa = PBXFileReference; fileEncoding = 4; lastKnownFileType = sourcecode.c.c; name = xmlcatalog.c; path = ../../src/xmlcatalog.c; sourceTree = "<group>"; };
		5C42C9CE14E3C26C00EB3F53 /* xmlIO.c */ = {isa = PBXFileReference; fileEncoding = 4; lastKnownFileType = sourcecode.c.c; name = xmlIO.c; path = ../../src/xmlIO.c; sourceTree = "<group>"; };
		5C42C9CF14E3C26C00EB3F53 /* xmllint.c */ = {isa = PBXFileReference; fileEncoding = 4; lastKnownFileType = sourcecode.c.c; name = xmllint.c; path = ../../src/xmllint.c; sourceTree = "<group>"; };
		5C42C9D014E3C26C00EB3F53 /* xmlmemory.c */ = {isa = PBXFileReference; fileEncoding = 4; lastKnownFileType = sourcecode.c.c; name = xmlmemory.c; path = ../../src/xmlmemory.c; sourceTree = "<group>"; };
		5C42C9D114E3C26C00EB3F53 /* xmlmodule.c */ = {isa = PBXFileReference; fileEncoding = 4; lastKnownFileType = sourcecode.c.c; name = xmlmodule.c; path = ../../src/xmlmodule.c; sourceTree = "<group>"; };
		5C42C9D214E3C26C00EB3F53 /* xmlreader.c */ = {isa = PBXFileReference; fileEncoding = 4; lastKnownFileType = sourcecode.c.c; name = xmlreader.c; path = ../../src/xmlreader.c; sourceTree = "<group>"; };
		5C42C9D314E3C26C00EB3F53 /* xmlregexp.c */ = {isa = PBXFileReference; fileEncoding = 4; lastKnownFileType = sourcecode.c.c; name = xmlregexp.c; path = ../../src/xmlregexp.c; sourceTree = "<group>"; };
		5C42C9D414E3C26C00EB3F53 /* xmlsave.c */ = {isa = PBXFileReference; fileEncoding = 4; lastKnownFileType = sourcecode.c.c; name = xmlsave.c; path = ../../src/xmlsave.c; sourceTree = "<group>"; };
		5C42C9D514E3C26C00EB3F53 /* xmlschemas.c */ = {isa = PBXFileReference; fileEncoding = 4; lastKnownFileType = sourcecode.c.c; name = xmlschemas.c; path = ../../src/xmlschemas.c; sourceTree = "<group>"; };
		5C42C9D614E3C26C00EB3F53 /* xmlschemastypes.c */ = {isa = PBXFileReference; fileEncoding = 4; lastKnownFileType = sourcecode.c.c; name = xmlschemastypes.c; path = ../../src/xmlschemastypes.c; sourceTree = "<group>"; };
		5C42C9D714E3C26C00EB3F53 /* xmlstring.c */ = {isa = PBXFileReference; fileEncoding = 4; lastKnownFileType = sourcecode.c.c; name = xmlstring.c; path = ../../src/xmlstring.c; sourceTree = "<group>"; };
		5C42C9D814E3C26C00EB3F53 /* xmlunicode.c */ = {isa = PBXFileReference; fileEncoding = 4; lastKnownFileType = sourcecode.c.c; name = xmlunicode.c; path = ../../src/xmlunicode.c; sourceTree = "<group>"; };
		5C42C9D914E3C26C00EB3F53 /* xmlwriter.c */ = {isa = PBXFileReference; fileEncoding = 4; lastKnownFileType = sourcecode.c.c; name = xmlwriter.c; path = ../../src/xmlwriter.c; sourceTree = "<group>"; };
		5C42C9DA14E3C26C00EB3F53 /* xpath.c */ = {isa = PBXFileReference; fileEncoding = 4; lastKnownFileType = sourcecode.c.c; name = xpath.c; path = ../../src/xpath.c; sourceTree = "<group>"; };
		5C42C9DB14E3C26C00EB3F53 /* xpointer.c */ = {isa = PBXFileReference; fileEncoding = 4; lastKnownFileType = sourcecode.c.c; name = xpointer.c; path = ../../src/xpointer.c; sourceTree = "<group>"; };
		5C42CA1314E3C36300EB3F53 /* libxmllib_ios_sim.a */ = {isa = PBXFileReference; explicitFileType = archive.ar; includeInIndex = 0; path = libxmllib_ios_sim.a; sourceTree = BUILT_PRODUCTS_DIR; };
/* End PBXFileReference section */

/* Begin PBXFrameworksBuildPhase section */
		5C42C99614E3C22B00EB3F53 /* Frameworks */ = {
			isa = PBXFrameworksBuildPhase;
			buildActionMask = 2147483647;
			files = (
				5C42C99D14E3C22B00EB3F53 /* Foundation.framework in Frameworks */,
			);
			runOnlyForDeploymentPostprocessing = 0;
		};
		5C42CA1014E3C36300EB3F53 /* Frameworks */ = {
			isa = PBXFrameworksBuildPhase;
			buildActionMask = 2147483647;
			files = (
				5C42CA1414E3C36300EB3F53 /* Foundation.framework in Frameworks */,
			);
			runOnlyForDeploymentPostprocessing = 0;
		};
/* End PBXFrameworksBuildPhase section */

/* Begin PBXGroup section */
		5C42C98E14E3C22A00EB3F53 = {
			isa = PBXGroup;
			children = (
				5C42C9A914E3C23D00EB3F53 /* include */,
				5C42C9AA14E3C24600EB3F53 /* src */,
				5C42C99B14E3C22B00EB3F53 /* Frameworks */,
				5C42C99A14E3C22B00EB3F53 /* Products */,
			);
			sourceTree = "<group>";
		};
		5C42C99A14E3C22B00EB3F53 /* Products */ = {
			isa = PBXGroup;
			children = (
				5C42C99914E3C22B00EB3F53 /* libxmllib_ios.a */,
				5C42CA1314E3C36300EB3F53 /* libxmllib_ios_sim.a */,
			);
			name = Products;
			sourceTree = "<group>";
		};
		5C42C99B14E3C22B00EB3F53 /* Frameworks */ = {
			isa = PBXGroup;
			children = (
				5C42C99C14E3C22B00EB3F53 /* Foundation.framework */,
			);
			name = Frameworks;
			sourceTree = "<group>";
		};
		5C42C9A914E3C23D00EB3F53 /* include */ = {
			isa = PBXGroup;
			children = (
				5C42C9AB14E3C25E00EB3F53 /* libxml */,
			);
			name = include;
			sourceTree = "<group>";
		};
		5C42C9AA14E3C24600EB3F53 /* src */ = {
			isa = PBXGroup;
			children = (
				5C42C9AC14E3C26C00EB3F53 /* c14n.c */,
				5C42C9AD14E3C26C00EB3F53 /* catalog.c */,
				5C42C9AE14E3C26C00EB3F53 /* chvalid.c */,
				5C42C9AF14E3C26C00EB3F53 /* debugXML.c */,
				5C42C9B014E3C26C00EB3F53 /* dict.c */,
				5C42C9B114E3C26C00EB3F53 /* DOCBparser.c */,
				5C42C9B214E3C26C00EB3F53 /* encoding.c */,
				5C42C9B314E3C26C00EB3F53 /* entities.c */,
				5C42C9B414E3C26C00EB3F53 /* error.c */,
				5C42C9B514E3C26C00EB3F53 /* globals.c */,
				5C42C9B614E3C26C00EB3F53 /* hash.c */,
				5C42C9B714E3C26C00EB3F53 /* HTMLparser.c */,
				5C42C9B814E3C26C00EB3F53 /* HTMLtree.c */,
				5C42C9B914E3C26C00EB3F53 /* legacy.c */,
				5C42C9BA14E3C26C00EB3F53 /* list.c */,
				5C42C9BB14E3C26C00EB3F53 /* nanoftp.c */,
				5C42C9BC14E3C26C00EB3F53 /* nanohttp.c */,
				5C42C9BD14E3C26C00EB3F53 /* parser.c */,
				5C42C9BE14E3C26C00EB3F53 /* parserInternals.c */,
				5C42C9BF14E3C26C00EB3F53 /* pattern.c */,
				5C42C9C014E3C26C00EB3F53 /* relaxng.c */,
				5C42C9C114E3C26C00EB3F53 /* SAX.c */,
				5C42C9C214E3C26C00EB3F53 /* SAX2.c */,
				5C42C9C314E3C26C00EB3F53 /* schematron.c */,
				5C42C9C414E3C26C00EB3F53 /* threads.c */,
				5C42C9C514E3C26C00EB3F53 /* tree.c */,
				5C42C9C614E3C26C00EB3F53 /* trio.c */,
				5C42C9C714E3C26C00EB3F53 /* trionan.c */,
				5C42C9C814E3C26C00EB3F53 /* triostr.c */,
				5C42C9C914E3C26C00EB3F53 /* uri.c */,
				5C42C9CA14E3C26C00EB3F53 /* valid.c */,
				5C42C9CB14E3C26C00EB3F53 /* xinclude.c */,
				5C42C9CC14E3C26C00EB3F53 /* xlink.c */,
				5C42C9CD14E3C26C00EB3F53 /* xmlcatalog.c */,
				5C42C9CE14E3C26C00EB3F53 /* xmlIO.c */,
				5C42C9CF14E3C26C00EB3F53 /* xmllint.c */,
				5C42C9D014E3C26C00EB3F53 /* xmlmemory.c */,
				5C42C9D114E3C26C00EB3F53 /* xmlmodule.c */,
				5C42C9D214E3C26C00EB3F53 /* xmlreader.c */,
				5C42C9D314E3C26C00EB3F53 /* xmlregexp.c */,
				5C42C9D414E3C26C00EB3F53 /* xmlsave.c */,
				5C42C9D514E3C26C00EB3F53 /* xmlschemas.c */,
				5C42C9D614E3C26C00EB3F53 /* xmlschemastypes.c */,
				5C42C9D714E3C26C00EB3F53 /* xmlstring.c */,
				5C42C9D814E3C26C00EB3F53 /* xmlunicode.c */,
				5C42C9D914E3C26C00EB3F53 /* xmlwriter.c */,
				5C42C9DA14E3C26C00EB3F53 /* xpath.c */,
				5C42C9DB14E3C26C00EB3F53 /* xpointer.c */,
			);
			name = src;
			sourceTree = "<group>";
		};
/* End PBXGroup section */

/* Begin PBXHeadersBuildPhase section */
		5C42C99714E3C22B00EB3F53 /* Headers */ = {
			isa = PBXHeadersBuildPhase;
			buildActionMask = 2147483647;
			files = (
			);
			runOnlyForDeploymentPostprocessing = 0;
		};
		5C42CA1114E3C36300EB3F53 /* Headers */ = {
			isa = PBXHeadersBuildPhase;
			buildActionMask = 2147483647;
			files = (
			);
			runOnlyForDeploymentPostprocessing = 0;
		};
/* End PBXHeadersBuildPhase section */

/* Begin PBXNativeTarget section */
		5C42C99814E3C22B00EB3F53 /* xmllib_ios */ = {
			isa = PBXNativeTarget;
			buildConfigurationList = 5C42C9A614E3C22B00EB3F53 /* Build configuration list for PBXNativeTarget "xmllib_ios" */;
			buildPhases = (
				5C42C99514E3C22B00EB3F53 /* Sources */,
				5C42C99614E3C22B00EB3F53 /* Frameworks */,
				5C42C99714E3C22B00EB3F53 /* Headers */,
			);
			buildRules = (
			);
			dependencies = (
			);
			name = xmllib_ios;
			productName = xmllib_ios;
			productReference = 5C42C99914E3C22B00EB3F53 /* libxmllib_ios.a */;
			productType = "com.apple.product-type.library.static";
		};
		5C42CA1214E3C36300EB3F53 /* xmllib_ios_sim */ = {
			isa = PBXNativeTarget;
			buildConfigurationList = 5C42CA1B14E3C36300EB3F53 /* Build configuration list for PBXNativeTarget "xmllib_ios_sim" */;
			buildPhases = (
				5C42CA0F14E3C36300EB3F53 /* Sources */,
				5C42CA1014E3C36300EB3F53 /* Frameworks */,
				5C42CA1114E3C36300EB3F53 /* Headers */,
			);
			buildRules = (
			);
			dependencies = (
			);
			name = xmllib_ios_sim;
			productName = xmllib_ios_sim;
			productReference = 5C42CA1314E3C36300EB3F53 /* libxmllib_ios_sim.a */;
			productType = "com.apple.product-type.library.static";
		};
/* End PBXNativeTarget section */

/* Begin PBXProject section */
		5C42C99014E3C22A00EB3F53 /* Project object */ = {
			isa = PBXProject;
			attributes = {
			};
			buildConfigurationList = 5C42C99314E3C22A00EB3F53 /* Build configuration list for PBXProject "xmllib_ios" */;
			compatibilityVersion = "Xcode 3.2";
			developmentRegion = English;
			hasScannedForEncodings = 0;
			knownRegions = (
				en,
			);
			mainGroup = 5C42C98E14E3C22A00EB3F53;
			productRefGroup = 5C42C99A14E3C22B00EB3F53 /* Products */;
			projectDirPath = "";
			projectRoot = "";
			targets = (
				5C42C99814E3C22B00EB3F53 /* xmllib_ios */,
				5C42CA1214E3C36300EB3F53 /* xmllib_ios_sim */,
				5C42CA1E14E3C39F00EB3F53 /* xmllib_ios_combined */,
			);
		};
/* End PBXProject section */

/* Begin PBXShellScriptBuildPhase section */
		5C42CA2214E3C4DF00EB3F53 /* ShellScript */ = {
			isa = PBXShellScriptBuildPhase;
			buildActionMask = 2147483647;
			files = (
			);
			inputPaths = (
			);
			outputPaths = (
			);
			runOnlyForDeploymentPostprocessing = 0;
			shellPath = /bin/sh;
			shellScript = "rm -rf ${BUILT_PRODUCTS_DIR}/libxml_ios.a\n\nlipo -create \"${BUILT_PRODUCTS_DIR}/../${BUILD_STYLE}Release-iphonesimulator/libxmllib_ios_sim.a\" \\\n\"${BUILT_PRODUCTS_DIR}/libxmllib_ios.a\" -output \\\n\"${PROJECT_DIR}/../../../libs/libxml_ios.a\"";
		};
/* End PBXShellScriptBuildPhase section */

/* Begin PBXSourcesBuildPhase section */
		5C42C99514E3C22B00EB3F53 /* Sources */ = {
			isa = PBXSourcesBuildPhase;
			buildActionMask = 2147483647;
			files = (
				5C42C9DC14E3C26C00EB3F53 /* c14n.c in Sources */,
				5C42C9DD14E3C26C00EB3F53 /* catalog.c in Sources */,
				5C42C9DE14E3C26C00EB3F53 /* chvalid.c in Sources */,
				5C42C9DF14E3C26C00EB3F53 /* debugXML.c in Sources */,
				5C42C9E014E3C26C00EB3F53 /* dict.c in Sources */,
				5C42C9E114E3C26C00EB3F53 /* DOCBparser.c in Sources */,
				5C42C9E214E3C26C00EB3F53 /* encoding.c in Sources */,
				5C42C9E314E3C26C00EB3F53 /* entities.c in Sources */,
				5C42C9E414E3C26C00EB3F53 /* error.c in Sources */,
				5C42C9E514E3C26C00EB3F53 /* globals.c in Sources */,
				5C42C9E614E3C26C00EB3F53 /* hash.c in Sources */,
				5C42C9E714E3C26C00EB3F53 /* HTMLparser.c in Sources */,
				5C42C9E814E3C26C00EB3F53 /* HTMLtree.c in Sources */,
				5C42C9E914E3C26C00EB3F53 /* legacy.c in Sources */,
				5C42C9EA14E3C26C00EB3F53 /* list.c in Sources */,
				5C42C9EB14E3C26C00EB3F53 /* nanoftp.c in Sources */,
				5C42C9EC14E3C26C00EB3F53 /* nanohttp.c in Sources */,
				5C42C9ED14E3C26C00EB3F53 /* parser.c in Sources */,
				5C42C9EE14E3C26C00EB3F53 /* parserInternals.c in Sources */,
				5C42C9EF14E3C26C00EB3F53 /* pattern.c in Sources */,
				5C42C9F014E3C26C00EB3F53 /* relaxng.c in Sources */,
				5C42C9F114E3C26C00EB3F53 /* SAX.c in Sources */,
				5C42C9F214E3C26C00EB3F53 /* SAX2.c in Sources */,
				5C42C9F314E3C26C00EB3F53 /* schematron.c in Sources */,
				5C42C9F414E3C26C00EB3F53 /* threads.c in Sources */,
				5C42C9F514E3C26C00EB3F53 /* tree.c in Sources */,
				5C42C9F614E3C26C00EB3F53 /* trio.c in Sources */,
				5C42C9F714E3C26C00EB3F53 /* trionan.c in Sources */,
				5C42C9F814E3C26C00EB3F53 /* triostr.c in Sources */,
				5C42C9F914E3C26C00EB3F53 /* uri.c in Sources */,
				5C42C9FA14E3C26C00EB3F53 /* valid.c in Sources */,
				5C42C9FB14E3C26C00EB3F53 /* xinclude.c in Sources */,
				5C42C9FC14E3C26C00EB3F53 /* xlink.c in Sources */,
				5C42C9FD14E3C26C00EB3F53 /* xmlcatalog.c in Sources */,
				5C42C9FE14E3C26C00EB3F53 /* xmlIO.c in Sources */,
				5C42C9FF14E3C26C00EB3F53 /* xmllint.c in Sources */,
				5C42CA0014E3C26C00EB3F53 /* xmlmemory.c in Sources */,
				5C42CA0114E3C26C00EB3F53 /* xmlmodule.c in Sources */,
				5C42CA0214E3C26C00EB3F53 /* xmlreader.c in Sources */,
				5C42CA0314E3C26C00EB3F53 /* xmlregexp.c in Sources */,
				5C42CA0414E3C26C00EB3F53 /* xmlsave.c in Sources */,
				5C42CA0514E3C26C00EB3F53 /* xmlschemas.c in Sources */,
				5C42CA0614E3C26C00EB3F53 /* xmlschemastypes.c in Sources */,
				5C42CA0714E3C26C00EB3F53 /* xmlstring.c in Sources */,
				5C42CA0814E3C26C00EB3F53 /* xmlunicode.c in Sources */,
				5C42CA0914E3C26C00EB3F53 /* xmlwriter.c in Sources */,
				5C42CA0A14E3C26C00EB3F53 /* xpath.c in Sources */,
				5C42CA0B14E3C26C00EB3F53 /* xpointer.c in Sources */,
			);
			runOnlyForDeploymentPostprocessing = 0;
		};
		5C42CA0F14E3C36300EB3F53 /* Sources */ = {
			isa = PBXSourcesBuildPhase;
			buildActionMask = 2147483647;
			files = (
				5C42CA2414E3C6F600EB3F53 /* c14n.c in Sources */,
				5C42CA2514E3C6F600EB3F53 /* catalog.c in Sources */,
				5C42CA2614E3C6F600EB3F53 /* chvalid.c in Sources */,
				5C42CA2714E3C6F600EB3F53 /* debugXML.c in Sources */,
				5C42CA2814E3C6F600EB3F53 /* dict.c in Sources */,
				5C42CA2914E3C6F600EB3F53 /* DOCBparser.c in Sources */,
				5C42CA2A14E3C6F600EB3F53 /* encoding.c in Sources */,
				5C42CA2B14E3C6F600EB3F53 /* entities.c in Sources */,
				5C42CA2C14E3C6F600EB3F53 /* error.c in Sources */,
				5C42CA2D14E3C6F600EB3F53 /* globals.c in Sources */,
				5C42CA2E14E3C6F600EB3F53 /* hash.c in Sources */,
				5C42CA2F14E3C6F600EB3F53 /* HTMLparser.c in Sources */,
				5C42CA3014E3C6F600EB3F53 /* HTMLtree.c in Sources */,
				5C42CA3114E3C6F600EB3F53 /* legacy.c in Sources */,
				5C42CA3214E3C6F600EB3F53 /* list.c in Sources */,
				5C42CA3314E3C6F600EB3F53 /* nanoftp.c in Sources */,
				5C42CA3414E3C6F600EB3F53 /* nanohttp.c in Sources */,
				5C42CA3514E3C6F600EB3F53 /* parser.c in Sources */,
				5C42CA3614E3C6F600EB3F53 /* parserInternals.c in Sources */,
				5C42CA3714E3C6F600EB3F53 /* pattern.c in Sources */,
				5C42CA3814E3C6F600EB3F53 /* relaxng.c in Sources */,
				5C42CA3914E3C6F600EB3F53 /* SAX.c in Sources */,
				5C42CA3A14E3C6F600EB3F53 /* SAX2.c in Sources */,
				5C42CA3B14E3C6F600EB3F53 /* schematron.c in Sources */,
				5C42CA3C14E3C6F600EB3F53 /* threads.c in Sources */,
				5C42CA3D14E3C6F600EB3F53 /* tree.c in Sources */,
				5C42CA3E14E3C6F600EB3F53 /* trio.c in Sources */,
				5C42CA3F14E3C6F600EB3F53 /* trionan.c in Sources */,
				5C42CA4014E3C6F600EB3F53 /* triostr.c in Sources */,
				5C42CA4114E3C6F600EB3F53 /* uri.c in Sources */,
				5C42CA4214E3C6F600EB3F53 /* valid.c in Sources */,
				5C42CA4314E3C6F600EB3F53 /* xinclude.c in Sources */,
				5C42CA4414E3C6F600EB3F53 /* xlink.c in Sources */,
				5C42CA4514E3C6F600EB3F53 /* xmlcatalog.c in Sources */,
				5C42CA4614E3C6F600EB3F53 /* xmlIO.c in Sources */,
				5C42CA4714E3C6F600EB3F53 /* xmllint.c in Sources */,
				5C42CA4814E3C6F600EB3F53 /* xmlmemory.c in Sources */,
				5C42CA4914E3C6F600EB3F53 /* xmlmodule.c in Sources */,
				5C42CA4A14E3C6F600EB3F53 /* xmlreader.c in Sources */,
				5C42CA4B14E3C6F600EB3F53 /* xmlregexp.c in Sources */,
				5C42CA4C14E3C6F600EB3F53 /* xmlsave.c in Sources */,
				5C42CA4D14E3C6F600EB3F53 /* xmlschemas.c in Sources */,
				5C42CA4E14E3C6F600EB3F53 /* xmlschemastypes.c in Sources */,
				5C42CA4F14E3C6F600EB3F53 /* xmlstring.c in Sources */,
				5C42CA5014E3C6F600EB3F53 /* xmlunicode.c in Sources */,
				5C42CA5114E3C6F600EB3F53 /* xmlwriter.c in Sources */,
				5C42CA5214E3C6F600EB3F53 /* xpath.c in Sources */,
				5C42CA5314E3C6F600EB3F53 /* xpointer.c in Sources */,
			);
			runOnlyForDeploymentPostprocessing = 0;
		};
/* End PBXSourcesBuildPhase section */

/* Begin XCBuildConfiguration section */
		5C42C9A414E3C22B00EB3F53 /* Debug */ = {
			isa = XCBuildConfiguration;
			buildSettings = {
				ALWAYS_SEARCH_USER_PATHS = NO;
				COPY_PHASE_STRIP = NO;
				GCC_C_LANGUAGE_STANDARD = gnu99;
				GCC_DYNAMIC_NO_PIC = NO;
				GCC_OPTIMIZATION_LEVEL = 0;
				GCC_PREPROCESSOR_DEFINITIONS = (
					"DEBUG=1",
					"$(inherited)",
				);
				GCC_SYMBOLS_PRIVATE_EXTERN = NO;
				GCC_VERSION = "";
				GCC_WARN_ABOUT_MISSING_PROTOTYPES = YES;
				GCC_WARN_ABOUT_RETURN_TYPE = YES;
				GCC_WARN_UNUSED_VARIABLE = YES;
				HEADER_SEARCH_PATHS = ./../../include;
				IPHONEOS_DEPLOYMENT_TARGET = 7.0;
				OTHER_CFLAGS = "-DHAVE_CONFIG_H";
				PRECOMPS_INCLUDE_HEADERS_FROM_BUILT_PRODUCTS_DIR = NO;
				SDKROOT = iphoneos;
			};
			name = Debug;
		};
		5C42C9A514E3C22B00EB3F53 /* Release */ = {
			isa = XCBuildConfiguration;
			buildSettings = {
				ALWAYS_SEARCH_USER_PATHS = NO;
				COPY_PHASE_STRIP = YES;
				GCC_C_LANGUAGE_STANDARD = gnu99;
				GCC_VERSION = "";
				GCC_WARN_ABOUT_MISSING_PROTOTYPES = YES;
				GCC_WARN_ABOUT_RETURN_TYPE = YES;
				GCC_WARN_UNUSED_VARIABLE = YES;
				HEADER_SEARCH_PATHS = ./../../include;
				IPHONEOS_DEPLOYMENT_TARGET = 7.0;
				OTHER_CFLAGS = "-DHAVE_CONFIG_H";
				PRECOMPS_INCLUDE_HEADERS_FROM_BUILT_PRODUCTS_DIR = NO;
				SDKROOT = iphoneos;
				VALIDATE_PRODUCT = YES;
			};
			name = Release;
		};
		5C42C9A714E3C22B00EB3F53 /* Debug */ = {
			isa = XCBuildConfiguration;
			buildSettings = {
				ARCHS = (
					"$(ARCHS_STANDARD)",
					armv7s,
				);
				DSTROOT = /tmp/xmllib_ios.dst;
				GCC_PREFIX_HEADER = "";
				OTHER_CFLAGS = (
					"-DHAVE_CONFIG_H",
					"-Wno-implicit-function-declaration",
				);
				OTHER_LDFLAGS = "-ObjC";
				PRODUCT_NAME = "$(TARGET_NAME)";
				SKIP_INSTALL = YES;
			};
			name = Debug;
		};
		5C42C9A814E3C22B00EB3F53 /* Release */ = {
			isa = XCBuildConfiguration;
			buildSettings = {
				ARCHS = (
					"$(ARCHS_STANDARD)",
					armv7s,
				);
				DSTROOT = /tmp/xmllib_ios.dst;
				GCC_PREFIX_HEADER = "";
				OTHER_CFLAGS = (
					"-DHAVE_CONFIG_H",
					"-Wno-implicit-function-declaration",
				);
				OTHER_LDFLAGS = "-ObjC";
				PRODUCT_NAME = "$(TARGET_NAME)";
				SKIP_INSTALL = YES;
			};
			name = Release;
		};
		5C42CA1C14E3C36300EB3F53 /* Debug */ = {
			isa = XCBuildConfiguration;
			buildSettings = {
				ARCHS = i386;
				DSTROOT = /tmp/xmllib_ios_sim.dst;
				GCC_PREFIX_HEADER = "";
				OTHER_LDFLAGS = "-ObjC";
				PRODUCT_NAME = "$(TARGET_NAME)";
				SKIP_INSTALL = YES;
				VALID_ARCHS = i386;
			};
			name = Debug;
		};
		5C42CA1D14E3C36300EB3F53 /* Release */ = {
			isa = XCBuildConfiguration;
			buildSettings = {
				ARCHS = i386;
				DSTROOT = /tmp/xmllib_ios_sim.dst;
				GCC_PREFIX_HEADER = "";
				OTHER_LDFLAGS = "-ObjC";
				PRODUCT_NAME = "$(TARGET_NAME)";
				SKIP_INSTALL = YES;
				VALID_ARCHS = i386;
			};
			name = Release;
		};
		5C42CA2014E3C39F00EB3F53 /* Debug */ = {
			isa = XCBuildConfiguration;
			buildSettings = {
				PRODUCT_NAME = "$(TARGET_NAME)";
			};
			name = Debug;
		};
		5C42CA2114E3C39F00EB3F53 /* Release */ = {
			isa = XCBuildConfiguration;
			buildSettings = {
				PRODUCT_NAME = "$(TARGET_NAME)";
			};
			name = Release;
		};
/* End XCBuildConfiguration section */

/* Begin XCConfigurationList section */
		5C42C99314E3C22A00EB3F53 /* Build configuration list for PBXProject "xmllib_ios" */ = {
			isa = XCConfigurationList;
			buildConfigurations = (
				5C42C9A414E3C22B00EB3F53 /* Debug */,
				5C42C9A514E3C22B00EB3F53 /* Release */,
			);
			defaultConfigurationIsVisible = 0;
			defaultConfigurationName = Release;
		};
		5C42C9A614E3C22B00EB3F53 /* Build configuration list for PBXNativeTarget "xmllib_ios" */ = {
			isa = XCConfigurationList;
			buildConfigurations = (
				5C42C9A714E3C22B00EB3F53 /* Debug */,
				5C42C9A814E3C22B00EB3F53 /* Release */,
			);
			defaultConfigurationIsVisible = 0;
			defaultConfigurationName = Release;
		};
		5C42CA1B14E3C36300EB3F53 /* Build configuration list for PBXNativeTarget "xmllib_ios_sim" */ = {
			isa = XCConfigurationList;
			buildConfigurations = (
				5C42CA1C14E3C36300EB3F53 /* Debug */,
				5C42CA1D14E3C36300EB3F53 /* Release */,
			);
			defaultConfigurationIsVisible = 0;
			defaultConfigurationName = Release;
		};
		5C42CA1F14E3C39F00EB3F53 /* Build configuration list for PBXAggregateTarget "xmllib_ios_combined" */ = {
			isa = XCConfigurationList;
			buildConfigurations = (
				5C42CA2014E3C39F00EB3F53 /* Debug */,
				5C42CA2114E3C39F00EB3F53 /* Release */,
			);
			defaultConfigurationIsVisible = 0;
			defaultConfigurationName = Release;
		};
/* End XCConfigurationList section */
	};
	rootObject = 5C42C99014E3C22A00EB3F53 /* Project object */;
}
