<?xml version="1.0" encoding="utf-8"?>
<Project ToolsVersion="14.0" xmlns="http://schemas.microsoft.com/developer/msbuild/2003">
  <ItemGroup>
    <ClCompile Include="..\src/base/basepic.c" />
    <ClCompile Include="..\src/base/ftapi.c" />
    <ClCompile Include="..\src/base/ftbase.c" />
    <ClCompile Include="..\src/base/ftbbox.c" />
    <ClCompile Include="..\src/base/ftbitmap.c" />
    <ClCompile Include="..\src/base/ftdbgmem.c" />
    <ClCompile Include="..\src/base/ftdebug.c" />
    <ClCompile Include="..\src/base/ftglyph.c" />
    <ClCompile Include="..\src/base/ftinit.c" />
    <ClCompile Include="..\src/base/ftpic.c" />
    <ClCompile Include="..\src/base/ftstroke.c" />
    <ClCompile Include="..\src/base/ftsynth.c" />
    <ClCompile Include="..\src/base/ftsystem.c" />
    <ClCompile Include="..\src/cff/cffcmap.c" />
    <ClCompile Include="..\src/cff/cffdrivr.c" />
    <ClCompile Include="..\src/cff/cffgload.c" />
    <ClCompile Include="..\src/cff/cffload.c" />
    <ClCompile Include="..\src/cff/cffobjs.c" />
    <ClCompile Include="..\src/cff/cffparse.c" />
    <ClCompile Include="..\src/cff/cffpic.c" />
    <ClCompile Include="..\src/pshinter/pshalgo.c" />
    <ClCompile Include="..\src/pshinter/pshglob.c" />
    <ClCompile Include="..\src/pshinter/pshmod.c" />
    <ClCompile Include="..\src/pshinter/pshpic.c" />
    <ClCompile Include="..\src/pshinter/pshrec.c" />
    <ClCompile Include="..\src/psnames/psmodule.c" />
    <ClCompile Include="..\src/psnames/pspic.c" />
    <ClCompile Include="..\src/raster/ftraster.c" />
    <ClCompile Include="..\src/raster/ftrend1.c" />
    <ClCompile Include="..\src/raster/rastpic.c" />
    <ClCompile Include="..\src/sfnt/sfnt.c" />
    <ClCompile Include="..\src/smooth/smooth.c" />
    <ClCompile Include="..\src/truetype/truetype.c" />
  </ItemGroup>
  <ItemGroup>
    <ClInclude Include="freetype.h" />
    <ClInclude Include="targetver.h" />
  </ItemGroup>
</Project>