// !$*UTF8*$!
{
	archiveVersion = 1;
	classes = {
	};
	objectVersion = 46;
	objects = {

/* Begin PBXAggregateTarget section */
		5C42CA1E14E3C39F00EB3F53 /* yamllib_ios_combined */ = {
			isa = PBXAggregateTarget;
			buildConfigurationList = 5C42CA1F14E3C39F00EB3F53 /* Build configuration list for PBXAggregateTarget "yamllib_ios_combined" */;
			buildPhases = (
				5C42CA2214E3C4DF00EB3F53 /* ShellScript */,
			);
			dependencies = (
			);
			name = yamllib_ios_combined;
			productName = yamllib_ios_combined;
		};
/* End PBXAggregateTarget section */

/* Begin PBXBuildFile section */
		5C42C99D14E3C22B00EB3F53 /* Foundation.framework in Frameworks */ = {isa = PBXBuildFile; fileRef = 5C42C99C14E3C22B00EB3F53 /* Foundation.framework */; };
		5C42CA1414E3C36300EB3F53 /* Foundation.framework in Frameworks */ = {isa = PBXBuildFile; fileRef = 5C42C99C14E3C22B00EB3F53 /* Foundation.framework */; };
		5CD4BCCF14E3E2DE005A0E41 /* api.c in Sources */ = {isa = PBXBuildFile; fileRef = 5CD4BCC514E3E2DE005A0E41 /* api.c */; };
		5CD4BCD014E3E2DE005A0E41 /* config.h in Headers */ = {isa = PBXBuildFile; fileRef = 5CD4BCC614E3E2DE005A0E41 /* config.h */; };
		5CD4BCD114E3E2DE005A0E41 /* dumper.c in Sources */ = {isa = PBXBuildFile; fileRef = 5CD4BCC714E3E2DE005A0E41 /* dumper.c */; };
		5CD4BCD214E3E2DE005A0E41 /* emitter.c in Sources */ = {isa = PBXBuildFile; fileRef = 5CD4BCC814E3E2DE005A0E41 /* emitter.c */; };
		5CD4BCD314E3E2DE005A0E41 /* loader.c in Sources */ = {isa = PBXBuildFile; fileRef = 5CD4BCC914E3E2DE005A0E41 /* loader.c */; };
		5CD4BCD414E3E2DE005A0E41 /* parser.c in Sources */ = {isa = PBXBuildFile; fileRef = 5CD4BCCA14E3E2DE005A0E41 /* parser.c */; };
		5CD4BCD514E3E2DE005A0E41 /* reader.c in Sources */ = {isa = PBXBuildFile; fileRef = 5CD4BCCB14E3E2DE005A0E41 /* reader.c */; };
		5CD4BCD614E3E2DE005A0E41 /* scanner.c in Sources */ = {isa = PBXBuildFile; fileRef = 5CD4BCCC14E3E2DE005A0E41 /* scanner.c */; };
		5CD4BCD714E3E2DE005A0E41 /* writer.c in Sources */ = {isa = PBXBuildFile; fileRef = 5CD4BCCD14E3E2DE005A0E41 /* writer.c */; };
		5CD4BCD814E3E2DE005A0E41 /* yaml_private.h in Headers */ = {isa = PBXBuildFile; fileRef = 5CD4BCCE14E3E2DE005A0E41 /* yaml_private.h */; };
		5CDE1A1B14E3E43300B38E04 /* api.c in Sources */ = {isa = PBXBuildFile; fileRef = 5CD4BCC514E3E2DE005A0E41 /* api.c */; };
		5CDE1A1D14E3E43300B38E04 /* dumper.c in Sources */ = {isa = PBXBuildFile; fileRef = 5CD4BCC714E3E2DE005A0E41 /* dumper.c */; };
		5CDE1A1E14E3E43300B38E04 /* emitter.c in Sources */ = {isa = PBXBuildFile; fileRef = 5CD4BCC814E3E2DE005A0E41 /* emitter.c */; };
		5CDE1A1F14E3E43300B38E04 /* loader.c in Sources */ = {isa = PBXBuildFile; fileRef = 5CD4BCC914E3E2DE005A0E41 /* loader.c */; };
		5CDE1A2014E3E43300B38E04 /* parser.c in Sources */ = {isa = PBXBuildFile; fileRef = 5CD4BCCA14E3E2DE005A0E41 /* parser.c */; };
		5CDE1A2114E3E43300B38E04 /* reader.c in Sources */ = {isa = PBXBuildFile; fileRef = 5CD4BCCB14E3E2DE005A0E41 /* reader.c */; };
		5CDE1A2214E3E43300B38E04 /* scanner.c in Sources */ = {isa = PBXBuildFile; fileRef = 5CD4BCCC14E3E2DE005A0E41 /* scanner.c */; };
		5CDE1A2314E3E43300B38E04 /* writer.c in Sources */ = {isa = PBXBuildFile; fileRef = 5CD4BCCD14E3E2DE005A0E41 /* writer.c */; };
/* End PBXBuildFile section */

/* Begin PBXFileReference section */
		5C42C99914E3C22B00EB3F53 /* libyamllib_ios.a */ = {isa = PBXFileReference; explicitFileType = archive.ar; includeInIndex = 0; path = libyamllib_ios.a; sourceTree = BUILT_PRODUCTS_DIR; };
		5C42C99C14E3C22B00EB3F53 /* Foundation.framework */ = {isa = PBXFileReference; lastKnownFileType = wrapper.framework; name = Foundation.framework; path = System/Library/Frameworks/Foundation.framework; sourceTree = SDKROOT; };
		5C42CA1314E3C36300EB3F53 /* libyamllib_ios_sim.a */ = {isa = PBXFileReference; explicitFileType = archive.ar; includeInIndex = 0; path = libyamllib_ios_sim.a; sourceTree = BUILT_PRODUCTS_DIR; };
		5CD4BCC514E3E2DE005A0E41 /* api.c */ = {isa = PBXFileReference; fileEncoding = 4; lastKnownFileType = sourcecode.c.c; name = api.c; path = ../../src/api.c; sourceTree = "<group>"; };
		5CD4BCC614E3E2DE005A0E41 /* config.h */ = {isa = PBXFileReference; fileEncoding = 4; lastKnownFileType = sourcecode.c.h; name = config.h; path = ../../src/config.h; sourceTree = "<group>"; };
		5CD4BCC714E3E2DE005A0E41 /* dumper.c */ = {isa = PBXFileReference; fileEncoding = 4; lastKnownFileType = sourcecode.c.c; name = dumper.c; path = ../../src/dumper.c; sourceTree = "<group>"; };
		5CD4BCC814E3E2DE005A0E41 /* emitter.c */ = {isa = PBXFileReference; fileEncoding = 4; lastKnownFileType = sourcecode.c.c; name = emitter.c; path = ../../src/emitter.c; sourceTree = "<group>"; };
		5CD4BCC914E3E2DE005A0E41 /* loader.c */ = {isa = PBXFileReference; fileEncoding = 4; lastKnownFileType = sourcecode.c.c; name = loader.c; path = ../../src/loader.c; sourceTree = "<group>"; };
		5CD4BCCA14E3E2DE005A0E41 /* parser.c */ = {isa = PBXFileReference; fileEncoding = 4; lastKnownFileType = sourcecode.c.c; name = parser.c; path = ../../src/parser.c; sourceTree = "<group>"; };
		5CD4BCCB14E3E2DE005A0E41 /* reader.c */ = {isa = PBXFileReference; fileEncoding = 4; lastKnownFileType = sourcecode.c.c; name = reader.c; path = ../../src/reader.c; sourceTree = "<group>"; };
		5CD4BCCC14E3E2DE005A0E41 /* scanner.c */ = {isa = PBXFileReference; fileEncoding = 4; lastKnownFileType = sourcecode.c.c; name = scanner.c; path = ../../src/scanner.c; sourceTree = "<group>"; };
		5CD4BCCD14E3E2DE005A0E41 /* writer.c */ = {isa = PBXFileReference; fileEncoding = 4; lastKnownFileType = sourcecode.c.c; name = writer.c; path = ../../src/writer.c; sourceTree = "<group>"; };
		5CD4BCCE14E3E2DE005A0E41 /* yaml_private.h */ = {isa = PBXFileReference; fileEncoding = 4; lastKnownFileType = sourcecode.c.h; name = yaml_private.h; path = ../../src/yaml_private.h; sourceTree = "<group>"; };
		5CD4BCD914E3E2EA005A0E41 /* yaml */ = {isa = PBXFileReference; lastKnownFileType = folder; name = yaml; path = ../../include/yaml; sourceTree = "<group>"; };
/* End PBXFileReference section */

/* Begin PBXFrameworksBuildPhase section */
		5C42C99614E3C22B00EB3F53 /* Frameworks */ = {
			isa = PBXFrameworksBuildPhase;
			buildActionMask = 2147483647;
			files = (
				5C42C99D14E3C22B00EB3F53 /* Foundation.framework in Frameworks */,
			);
			runOnlyForDeploymentPostprocessing = 0;
		};
		5C42CA1014E3C36300EB3F53 /* Frameworks */ = {
			isa = PBXFrameworksBuildPhase;
			buildActionMask = 2147483647;
			files = (
				5C42CA1414E3C36300EB3F53 /* Foundation.framework in Frameworks */,
			);
			runOnlyForDeploymentPostprocessing = 0;
		};
/* End PBXFrameworksBuildPhase section */

/* Begin PBXGroup section */
		5C42C98E14E3C22A00EB3F53 = {
			isa = PBXGroup;
			children = (
				5C42C9A914E3C23D00EB3F53 /* include */,
				5C42C9AA14E3C24600EB3F53 /* src */,
				5C42C99B14E3C22B00EB3F53 /* Frameworks */,
				5C42C99A14E3C22B00EB3F53 /* Products */,
			);
			sourceTree = "<group>";
		};
		5C42C99A14E3C22B00EB3F53 /* Products */ = {
			isa = PBXGroup;
			children = (
				5C42C99914E3C22B00EB3F53 /* libyamllib_ios.a */,
				5C42CA1314E3C36300EB3F53 /* libyamllib_ios_sim.a */,
			);
			name = Products;
			sourceTree = "<group>";
		};
		5C42C99B14E3C22B00EB3F53 /* Frameworks */ = {
			isa = PBXGroup;
			children = (
				5C42C99C14E3C22B00EB3F53 /* Foundation.framework */,
			);
			name = Frameworks;
			sourceTree = "<group>";
		};
		5C42C9A914E3C23D00EB3F53 /* include */ = {
			isa = PBXGroup;
			children = (
				5CD4BCD914E3E2EA005A0E41 /* yaml */,
			);
			name = include;
			sourceTree = "<group>";
		};
		5C42C9AA14E3C24600EB3F53 /* src */ = {
			isa = PBXGroup;
			children = (
				5CD4BCC514E3E2DE005A0E41 /* api.c */,
				5CD4BCC614E3E2DE005A0E41 /* config.h */,
				5CD4BCC714E3E2DE005A0E41 /* dumper.c */,
				5CD4BCC814E3E2DE005A0E41 /* emitter.c */,
				5CD4BCC914E3E2DE005A0E41 /* loader.c */,
				5CD4BCCA14E3E2DE005A0E41 /* parser.c */,
				5CD4BCCB14E3E2DE005A0E41 /* reader.c */,
				5CD4BCCC14E3E2DE005A0E41 /* scanner.c */,
				5CD4BCCD14E3E2DE005A0E41 /* writer.c */,
				5CD4BCCE14E3E2DE005A0E41 /* yaml_private.h */,
			);
			name = src;
			sourceTree = "<group>";
		};
/* End PBXGroup section */

/* Begin PBXHeadersBuildPhase section */
		5C42C99714E3C22B00EB3F53 /* Headers */ = {
			isa = PBXHeadersBuildPhase;
			buildActionMask = 2147483647;
			files = (
				5CD4BCD014E3E2DE005A0E41 /* config.h in Headers */,
				5CD4BCD814E3E2DE005A0E41 /* yaml_private.h in Headers */,
			);
			runOnlyForDeploymentPostprocessing = 0;
		};
		5C42CA1114E3C36300EB3F53 /* Headers */ = {
			isa = PBXHeadersBuildPhase;
			buildActionMask = 2147483647;
			files = (
			);
			runOnlyForDeploymentPostprocessing = 0;
		};
/* End PBXHeadersBuildPhase section */

/* Begin PBXNativeTarget section */
		5C42C99814E3C22B00EB3F53 /* yamllib_ios */ = {
			isa = PBXNativeTarget;
			buildConfigurationList = 5C42C9A614E3C22B00EB3F53 /* Build configuration list for PBXNativeTarget "yamllib_ios" */;
			buildPhases = (
				5C42C99514E3C22B00EB3F53 /* Sources */,
				5C42C99614E3C22B00EB3F53 /* Frameworks */,
				5C42C99714E3C22B00EB3F53 /* Headers */,
			);
			buildRules = (
			);
			dependencies = (
			);
			name = yamllib_ios;
			productName = yamllib_ios;
			productReference = 5C42C99914E3C22B00EB3F53 /* libyamllib_ios.a */;
			productType = "com.apple.product-type.library.static";
		};
		5C42CA1214E3C36300EB3F53 /* yamllib_ios_sim */ = {
			isa = PBXNativeTarget;
			buildConfigurationList = 5C42CA1B14E3C36300EB3F53 /* Build configuration list for PBXNativeTarget "yamllib_ios_sim" */;
			buildPhases = (
				5C42CA0F14E3C36300EB3F53 /* Sources */,
				5C42CA1014E3C36300EB3F53 /* Frameworks */,
				5C42CA1114E3C36300EB3F53 /* Headers */,
			);
			buildRules = (
			);
			dependencies = (
			);
			name = yamllib_ios_sim;
			productName = yamllib_ios_sim;
			productReference = 5C42CA1314E3C36300EB3F53 /* libyamllib_ios_sim.a */;
			productType = "com.apple.product-type.library.static";
		};
/* End PBXNativeTarget section */

/* Begin PBXProject section */
		5C42C99014E3C22A00EB3F53 /* Project object */ = {
			isa = PBXProject;
			attributes = {
			};
			buildConfigurationList = 5C42C99314E3C22A00EB3F53 /* Build configuration list for PBXProject "yamllib_ios" */;
			compatibilityVersion = "Xcode 3.2";
			developmentRegion = English;
			hasScannedForEncodings = 0;
			knownRegions = (
				en,
			);
			mainGroup = 5C42C98E14E3C22A00EB3F53;
			productRefGroup = 5C42C99A14E3C22B00EB3F53 /* Products */;
			projectDirPath = "";
			projectRoot = "";
			targets = (
				5C42C99814E3C22B00EB3F53 /* yamllib_ios */,
				5C42CA1214E3C36300EB3F53 /* yamllib_ios_sim */,
				5C42CA1E14E3C39F00EB3F53 /* yamllib_ios_combined */,
			);
		};
/* End PBXProject section */

/* Begin PBXShellScriptBuildPhase section */
		5C42CA2214E3C4DF00EB3F53 /* ShellScript */ = {
			isa = PBXShellScriptBuildPhase;
			buildActionMask = 2147483647;
			files = (
			);
			inputPaths = (
			);
			outputPaths = (
			);
			runOnlyForDeploymentPostprocessing = 0;
			shellPath = /bin/sh;
			shellScript = "rm -rf ${BUILT_PRODUCTS_DIR}/libyaml_ios.a\n\nlipo -create \"${BUILT_PRODUCTS_DIR}/../${BUILD_STYLE}Release-iphonesimulator/libyamllib_ios_sim.a\" \\\n\"${BUILT_PRODUCTS_DIR}/libyamllib_ios.a\" -output \\\n\"${PROJECT_DIR}/../../../libs/libyaml_ios.a\"";
		};
/* End PBXShellScriptBuildPhase section */

/* Begin PBXSourcesBuildPhase section */
		5C42C99514E3C22B00EB3F53 /* Sources */ = {
			isa = PBXSourcesBuildPhase;
			buildActionMask = 2147483647;
			files = (
				5CD4BCCF14E3E2DE005A0E41 /* api.c in Sources */,
				5CD4BCD114E3E2DE005A0E41 /* dumper.c in Sources */,
				5CD4BCD214E3E2DE005A0E41 /* emitter.c in Sources */,
				5CD4BCD314E3E2DE005A0E41 /* loader.c in Sources */,
				5CD4BCD414E3E2DE005A0E41 /* parser.c in Sources */,
				5CD4BCD514E3E2DE005A0E41 /* reader.c in Sources */,
				5CD4BCD614E3E2DE005A0E41 /* scanner.c in Sources */,
				5CD4BCD714E3E2DE005A0E41 /* writer.c in Sources */,
			);
			runOnlyForDeploymentPostprocessing = 0;
		};
		5C42CA0F14E3C36300EB3F53 /* Sources */ = {
			isa = PBXSourcesBuildPhase;
			buildActionMask = 2147483647;
			files = (
				5CDE1A1B14E3E43300B38E04 /* api.c in Sources */,
				5CDE1A1D14E3E43300B38E04 /* dumper.c in Sources */,
				5CDE1A1E14E3E43300B38E04 /* emitter.c in Sources */,
				5CDE1A1F14E3E43300B38E04 /* loader.c in Sources */,
				5CDE1A2014E3E43300B38E04 /* parser.c in Sources */,
				5CDE1A2114E3E43300B38E04 /* reader.c in Sources */,
				5CDE1A2214E3E43300B38E04 /* scanner.c in Sources */,
				5CDE1A2314E3E43300B38E04 /* writer.c in Sources */,
			);
			runOnlyForDeploymentPostprocessing = 0;
		};
/* End PBXSourcesBuildPhase section */

/* Begin XCBuildConfiguration section */
		5C42C9A414E3C22B00EB3F53 /* Debug */ = {
			isa = XCBuildConfiguration;
			buildSettings = {
				ALWAYS_SEARCH_USER_PATHS = NO;
				ARCHS = (
					"$(ARCHS_STANDARD)",
					armv7s,
					arm64,
				);
				COPY_PHASE_STRIP = NO;
				GCC_C_LANGUAGE_STANDARD = gnu99;
				GCC_DYNAMIC_NO_PIC = NO;
				GCC_OPTIMIZATION_LEVEL = 0;
				GCC_PREPROCESSOR_DEFINITIONS = (
					"DEBUG=1",
					"$(inherited)",
				);
				GCC_SYMBOLS_PRIVATE_EXTERN = NO;
				GCC_VERSION = "";
				GCC_WARN_ABOUT_MISSING_PROTOTYPES = YES;
				GCC_WARN_ABOUT_RETURN_TYPE = YES;
				GCC_WARN_UNUSED_VARIABLE = YES;
				HEADER_SEARCH_PATHS = ./../../include;
				IPHONEOS_DEPLOYMENT_TARGET = 5.1.1;
				OTHER_CFLAGS = "";
				PRECOMPS_INCLUDE_HEADERS_FROM_BUILT_PRODUCTS_DIR = NO;
				SDKROOT = iphoneos;
				VALID_ARCHS = "arm64 armv7 armv7s i386";
			};
			name = Debug;
		};
		5C42C9A514E3C22B00EB3F53 /* Release */ = {
			isa = XCBuildConfiguration;
			buildSettings = {
				ALWAYS_SEARCH_USER_PATHS = NO;
				ARCHS = (
					"$(ARCHS_STANDARD)",
					armv7s,
					arm64,
				);
				COPY_PHASE_STRIP = YES;
				GCC_C_LANGUAGE_STANDARD = gnu99;
				GCC_VERSION = "";
				GCC_WARN_ABOUT_MISSING_PROTOTYPES = YES;
				GCC_WARN_ABOUT_RETURN_TYPE = YES;
				GCC_WARN_UNUSED_VARIABLE = YES;
				HEADER_SEARCH_PATHS = ./../../include;
				IPHONEOS_DEPLOYMENT_TARGET = 5.1.1;
				OTHER_CFLAGS = "";
				PRECOMPS_INCLUDE_HEADERS_FROM_BUILT_PRODUCTS_DIR = NO;
				SDKROOT = iphoneos;
				VALIDATE_PRODUCT = YES;
				VALID_ARCHS = "arm64 armv7 armv7s i386";
			};
			name = Release;
		};
		5C42C9A714E3C22B00EB3F53 /* Debug */ = {
			isa = XCBuildConfiguration;
			buildSettings = {
				DSTROOT = /tmp/yamllib_ios.dst;
				GCC_PREFIX_HEADER = "";
				OTHER_LDFLAGS = "-ObjC";
				PRODUCT_NAME = "$(TARGET_NAME)";
				SKIP_INSTALL = YES;
				VALID_ARCHS = "arm64 armv7 armv7s";
			};
			name = Debug;
		};
		5C42C9A814E3C22B00EB3F53 /* Release */ = {
			isa = XCBuildConfiguration;
			buildSettings = {
				DSTROOT = /tmp/yamllib_ios.dst;
				GCC_PREFIX_HEADER = "";
				OTHER_LDFLAGS = "-ObjC";
				PRODUCT_NAME = "$(TARGET_NAME)";
				SKIP_INSTALL = YES;
				VALID_ARCHS = "arm64 armv7 armv7s";
			};
			name = Release;
		};
		5C42CA1C14E3C36300EB3F53 /* Debug */ = {
			isa = XCBuildConfiguration;
			buildSettings = {
				ARCHS = i386;
				DSTROOT = /tmp/yamllib_ios_sim.dst;
				GCC_PREFIX_HEADER = "";
				OTHER_LDFLAGS = "-ObjC";
				PRODUCT_NAME = "$(TARGET_NAME)";
				SKIP_INSTALL = YES;
				VALID_ARCHS = i386;
			};
			name = Debug;
		};
		5C42CA1D14E3C36300EB3F53 /* Release */ = {
			isa = XCBuildConfiguration;
			buildSettings = {
				ARCHS = i386;
				DSTROOT = /tmp/yamllib_ios_sim.dst;
				GCC_PREFIX_HEADER = "";
				OTHER_LDFLAGS = "-ObjC";
				PRODUCT_NAME = "$(TARGET_NAME)";
				SKIP_INSTALL = YES;
				VALID_ARCHS = i386;
			};
			name = Release;
		};
		5C42CA2014E3C39F00EB3F53 /* Debug */ = {
			isa = XCBuildConfiguration;
			buildSettings = {
				PRODUCT_NAME = "$(TARGET_NAME)";
			};
			name = Debug;
		};
		5C42CA2114E3C39F00EB3F53 /* Release */ = {
			isa = XCBuildConfiguration;
			buildSettings = {
				PRODUCT_NAME = "$(TARGET_NAME)";
			};
			name = Release;
		};
/* End XCBuildConfiguration section */

/* Begin XCConfigurationList section */
		5C42C99314E3C22A00EB3F53 /* Build configuration list for PBXProject "yamllib_ios" */ = {
			isa = XCConfigurationList;
			buildConfigurations = (
				5C42C9A414E3C22B00EB3F53 /* Debug */,
				5C42C9A514E3C22B00EB3F53 /* Release */,
			);
			defaultConfigurationIsVisible = 0;
			defaultConfigurationName = Release;
		};
		5C42C9A614E3C22B00EB3F53 /* Build configuration list for PBXNativeTarget "yamllib_ios" */ = {
			isa = XCConfigurationList;
			buildConfigurations = (
				5C42C9A714E3C22B00EB3F53 /* Debug */,
				5C42C9A814E3C22B00EB3F53 /* Release */,
			);
			defaultConfigurationIsVisible = 0;
			defaultConfigurationName = Release;
		};
		5C42CA1B14E3C36300EB3F53 /* Build configuration list for PBXNativeTarget "yamllib_ios_sim" */ = {
			isa = XCConfigurationList;
			buildConfigurations = (
				5C42CA1C14E3C36300EB3F53 /* Debug */,
				5C42CA1D14E3C36300EB3F53 /* Release */,
			);
			defaultConfigurationIsVisible = 0;
			defaultConfigurationName = Release;
		};
		5C42CA1F14E3C39F00EB3F53 /* Build configuration list for PBXAggregateTarget "yamllib_ios_combined" */ = {
			isa = XCConfigurationList;
			buildConfigurations = (
				5C42CA2014E3C39F00EB3F53 /* Debug */,
				5C42CA2114E3C39F00EB3F53 /* Release */,
			);
			defaultConfigurationIsVisible = 0;
			defaultConfigurationName = Release;
		};
/* End XCConfigurationList section */
	};
	rootObject = 5C42C99014E3C22A00EB3F53 /* Project object */;
}
