// !$*UTF8*$!
{
	archiveVersion = 1;
	classes = {
	};
	objectVersion = 46;
	objects = {

/* Begin PBXBuildFile section */
		5C42CA6F14E3DC6600EB3F53 /* api.c in Sources */ = {isa = PBXBuildFile; fileRef = 5C42CA6514E3DC6600EB3F53 /* api.c */; };
		5C42CA7014E3DC6600EB3F53 /* config.h in Headers */ = {isa = PBXBuildFile; fileRef = 5C42CA6614E3DC6600EB3F53 /* config.h */; };
		5C42CA7114E3DC6600EB3F53 /* dumper.c in Sources */ = {isa = PBXBuildFile; fileRef = 5C42CA6714E3DC6600EB3F53 /* dumper.c */; };
		5C42CA7214E3DC6600EB3F53 /* emitter.c in Sources */ = {isa = PBXBuildFile; fileRef = 5C42CA6814E3DC6600EB3F53 /* emitter.c */; };
		5C42CA7314E3DC6600EB3F53 /* loader.c in Sources */ = {isa = PBXBuildFile; fileRef = 5C42CA6914E3DC6600EB3F53 /* loader.c */; };
		5C42CA7414E3DC6600EB3F53 /* parser.c in Sources */ = {isa = PBXBuildFile; fileRef = 5C42CA6A14E3DC6600EB3F53 /* parser.c */; };
		5C42CA7514E3DC6600EB3F53 /* reader.c in Sources */ = {isa = PBXBuildFile; fileRef = 5C42CA6B14E3DC6600EB3F53 /* reader.c */; };
		5C42CA7614E3DC6600EB3F53 /* scanner.c in Sources */ = {isa = PBXBuildFile; fileRef = 5C42CA6C14E3DC6600EB3F53 /* scanner.c */; };
		5C42CA7714E3DC6600EB3F53 /* writer.c in Sources */ = {isa = PBXBuildFile; fileRef = 5C42CA6D14E3DC6600EB3F53 /* writer.c */; };
		5C42CA7814E3DC6600EB3F53 /* yaml_private.h in Headers */ = {isa = PBXBuildFile; fileRef = 5C42CA6E14E3DC6600EB3F53 /* yaml_private.h */; };
/* End PBXBuildFile section */

/* Begin PBXFileReference section */
		5C36CB011452109800298B51 /* libyamllib_macos.a */ = {isa = PBXFileReference; explicitFileType = archive.ar; includeInIndex = 0; name = libyamllib_macos.a; path = libyaml_macos.a; sourceTree = BUILT_PRODUCTS_DIR; };
		5C42C8A014E3A5B000EB3F53 /* include */ = {isa = PBXFileReference; lastKnownFileType = folder; name = include; sourceTree = "<group>"; };
		5C42CA6514E3DC6600EB3F53 /* api.c */ = {isa = PBXFileReference; fileEncoding = 4; lastKnownFileType = sourcecode.c.c; path = api.c; sourceTree = "<group>"; };
		5C42CA6614E3DC6600EB3F53 /* config.h */ = {isa = PBXFileReference; fileEncoding = 4; lastKnownFileType = sourcecode.c.h; path = config.h; sourceTree = "<group>"; };
		5C42CA6714E3DC6600EB3F53 /* dumper.c */ = {isa = PBXFileReference; fileEncoding = 4; lastKnownFileType = sourcecode.c.c; path = dumper.c; sourceTree = "<group>"; };
		5C42CA6814E3DC6600EB3F53 /* emitter.c */ = {isa = PBXFileReference; fileEncoding = 4; lastKnownFileType = sourcecode.c.c; path = emitter.c; sourceTree = "<group>"; };
		5C42CA6914E3DC6600EB3F53 /* loader.c */ = {isa = PBXFileReference; fileEncoding = 4; lastKnownFileType = sourcecode.c.c; path = loader.c; sourceTree = "<group>"; };
		5C42CA6A14E3DC6600EB3F53 /* parser.c */ = {isa = PBXFileReference; fileEncoding = 4; lastKnownFileType = sourcecode.c.c; path = parser.c; sourceTree = "<group>"; };
		5C42CA6B14E3DC6600EB3F53 /* reader.c */ = {isa = PBXFileReference; fileEncoding = 4; lastKnownFileType = sourcecode.c.c; path = reader.c; sourceTree = "<group>"; };
		5C42CA6C14E3DC6600EB3F53 /* scanner.c */ = {isa = PBXFileReference; fileEncoding = 4; lastKnownFileType = sourcecode.c.c; path = scanner.c; sourceTree = "<group>"; };
		5C42CA6D14E3DC6600EB3F53 /* writer.c */ = {isa = PBXFileReference; fileEncoding = 4; lastKnownFileType = sourcecode.c.c; path = writer.c; sourceTree = "<group>"; };
		5C42CA6E14E3DC6600EB3F53 /* yaml_private.h */ = {isa = PBXFileReference; fileEncoding = 4; lastKnownFileType = sourcecode.c.h; path = yaml_private.h; sourceTree = "<group>"; };
/* End PBXFileReference section */

/* Begin PBXFrameworksBuildPhase section */
		5C36CAFE1452109800298B51 /* Frameworks */ = {
			isa = PBXFrameworksBuildPhase;
			buildActionMask = 2147483647;
			files = (
			);
			runOnlyForDeploymentPostprocessing = 0;
		};
/* End PBXFrameworksBuildPhase section */

/* Begin PBXGroup section */
		5C36CAF61452109800298B51 = {
			isa = PBXGroup;
			children = (
				5C36CB021452109800298B51 /* Products */,
				5C36CB08145210AB00298B51 /* include */,
				5C36CB0D145210AB00298B51 /* src */,
			);
			sourceTree = "<group>";
		};
		5C36CB021452109800298B51 /* Products */ = {
			isa = PBXGroup;
			children = (
				5C36CB011452109800298B51 /* libyamllib_macos.a */,
			);
			name = Products;
			sourceTree = "<group>";
		};
		5C36CB08145210AB00298B51 /* include */ = {
			isa = PBXGroup;
			children = (
				5C42C8A014E3A5B000EB3F53 /* include */,
			);
			name = include;
			path = ../../include;
			sourceTree = "<group>";
		};
		5C36CB0D145210AB00298B51 /* src */ = {
			isa = PBXGroup;
			children = (
				5C42CA6514E3DC6600EB3F53 /* api.c */,
				5C42CA6614E3DC6600EB3F53 /* config.h */,
				5C42CA6714E3DC6600EB3F53 /* dumper.c */,
				5C42CA6814E3DC6600EB3F53 /* emitter.c */,
				5C42CA6914E3DC6600EB3F53 /* loader.c */,
				5C42CA6A14E3DC6600EB3F53 /* parser.c */,
				5C42CA6B14E3DC6600EB3F53 /* reader.c */,
				5C42CA6C14E3DC6600EB3F53 /* scanner.c */,
				5C42CA6D14E3DC6600EB3F53 /* writer.c */,
				5C42CA6E14E3DC6600EB3F53 /* yaml_private.h */,
			);
			name = src;
			path = ../../src;
			sourceTree = "<group>";
		};
/* End PBXGroup section */

/* Begin PBXHeadersBuildPhase section */
		5C36CAFF1452109800298B51 /* Headers */ = {
			isa = PBXHeadersBuildPhase;
			buildActionMask = 2147483647;
			files = (
				5C42CA7014E3DC6600EB3F53 /* config.h in Headers */,
				5C42CA7814E3DC6600EB3F53 /* yaml_private.h in Headers */,
			);
			runOnlyForDeploymentPostprocessing = 0;
		};
/* End PBXHeadersBuildPhase section */

/* Begin PBXNativeTarget section */
		5C36CB001452109800298B51 /* yaml_macos */ = {
			isa = PBXNativeTarget;
			buildConfigurationList = 5C36CB051452109800298B51 /* Build configuration list for PBXNativeTarget "yaml_macos" */;
			buildPhases = (
				5C36CAFD1452109800298B51 /* Sources */,
				5C36CAFE1452109800298B51 /* Frameworks */,
				5C36CAFF1452109800298B51 /* Headers */,
				5C36CB351452110100298B51 /* ShellScript */,
			);
			buildRules = (
			);
			dependencies = (
			);
			name = yaml_macos;
			productName = yamllib_macos;
			productReference = 5C36CB011452109800298B51 /* libyamllib_macos.a */;
			productType = "com.apple.product-type.library.static";
		};
/* End PBXNativeTarget section */

/* Begin PBXProject section */
		5C36CAF81452109800298B51 /* Project object */ = {
			isa = PBXProject;
			buildConfigurationList = 5C36CAFB1452109800298B51 /* Build configuration list for PBXProject "yamllib_macos" */;
			compatibilityVersion = "Xcode 3.2";
			developmentRegion = English;
			hasScannedForEncodings = 0;
			knownRegions = (
				en,
			);
			mainGroup = 5C36CAF61452109800298B51;
			productRefGroup = 5C36CB021452109800298B51 /* Products */;
			projectDirPath = "";
			projectRoot = "";
			targets = (
				5C36CB001452109800298B51 /* yaml_macos */,
			);
		};
/* End PBXProject section */

/* Begin PBXShellScriptBuildPhase section */
		5C36CB351452110100298B51 /* ShellScript */ = {
			isa = PBXShellScriptBuildPhase;
			buildActionMask = 2147483647;
			files = (
			);
			inputPaths = (
			);
			outputPaths = (
			);
			runOnlyForDeploymentPostprocessing = 0;
			shellPath = /bin/sh;
			shellScript = "cp \"${BUILT_PRODUCTS_DIR}/libyaml_macos.a\" \"${PROJECT_DIR}/../../../libs/\"";
		};
/* End PBXShellScriptBuildPhase section */

/* Begin PBXSourcesBuildPhase section */
		5C36CAFD1452109800298B51 /* Sources */ = {
			isa = PBXSourcesBuildPhase;
			buildActionMask = 2147483647;
			files = (
				5C42CA6F14E3DC6600EB3F53 /* api.c in Sources */,
				5C42CA7114E3DC6600EB3F53 /* dumper.c in Sources */,
				5C42CA7214E3DC6600EB3F53 /* emitter.c in Sources */,
				5C42CA7314E3DC6600EB3F53 /* loader.c in Sources */,
				5C42CA7414E3DC6600EB3F53 /* parser.c in Sources */,
				5C42CA7514E3DC6600EB3F53 /* reader.c in Sources */,
				5C42CA7614E3DC6600EB3F53 /* scanner.c in Sources */,
				5C42CA7714E3DC6600EB3F53 /* writer.c in Sources */,
			);
			runOnlyForDeploymentPostprocessing = 0;
		};
/* End PBXSourcesBuildPhase section */

/* Begin XCBuildConfiguration section */
		5C36CB031452109800298B51 /* Debug */ = {
			isa = XCBuildConfiguration;
			buildSettings = {
				ALWAYS_SEARCH_USER_PATHS = NO;
				ARCHS = "$(ARCHS_STANDARD_32_64_BIT)";
				COPY_PHASE_STRIP = NO;
				GCC_C_LANGUAGE_STANDARD = gnu99;
				GCC_DYNAMIC_NO_PIC = NO;
				GCC_ENABLE_OBJC_EXCEPTIONS = YES;
				GCC_OPTIMIZATION_LEVEL = 0;
				GCC_PREPROCESSOR_DEFINITIONS = (
					"DEBUG=1",
					"$(inherited)",
				);
				GCC_SYMBOLS_PRIVATE_EXTERN = NO;
				GCC_WARN_64_TO_32_BIT_CONVERSION = YES;
				GCC_WARN_ABOUT_MISSING_PROTOTYPES = YES;
				GCC_WARN_ABOUT_RETURN_TYPE = YES;
				GCC_WARN_UNUSED_VARIABLE = YES;
				HEADER_SEARCH_PATHS = ./../../include;
				MACOSX_DEPLOYMENT_TARGET = 10.7;
				ONLY_ACTIVE_ARCH = YES;
				OTHER_CFLAGS = "";
				PRECOMPS_INCLUDE_HEADERS_FROM_BUILT_PRODUCTS_DIR = NO;
				SDKROOT = macosx;
			};
			name = Debug;
		};
		5C36CB041452109800298B51 /* Release */ = {
			isa = XCBuildConfiguration;
			buildSettings = {
				ALWAYS_SEARCH_USER_PATHS = NO;
				ARCHS = "$(ARCHS_STANDARD_32_64_BIT)";
				COPY_PHASE_STRIP = YES;
				DEBUG_INFORMATION_FORMAT = "dwarf-with-dsym";
				GCC_C_LANGUAGE_STANDARD = gnu99;
				GCC_ENABLE_OBJC_EXCEPTIONS = YES;
				GCC_WARN_64_TO_32_BIT_CONVERSION = YES;
				GCC_WARN_ABOUT_MISSING_PROTOTYPES = YES;
				GCC_WARN_ABOUT_RETURN_TYPE = YES;
				GCC_WARN_UNUSED_VARIABLE = YES;
				HEADER_SEARCH_PATHS = ./../../include;
				MACOSX_DEPLOYMENT_TARGET = 10.7;
				OTHER_CFLAGS = "";
				PRECOMPS_INCLUDE_HEADERS_FROM_BUILT_PRODUCTS_DIR = NO;
				SDKROOT = macosx;
			};
			name = Release;
		};
		5C36CB061452109800298B51 /* Debug */ = {
			isa = XCBuildConfiguration;
			buildSettings = {
				EXECUTABLE_PREFIX = lib;
				PRODUCT_NAME = "$(TARGET_NAME)";
			};
			name = Debug;
		};
		5C36CB071452109800298B51 /* Release */ = {
			isa = XCBuildConfiguration;
			buildSettings = {
				EXECUTABLE_PREFIX = lib;
				PRODUCT_NAME = "$(TARGET_NAME)";
			};
			name = Release;
		};
/* End XCBuildConfiguration section */

/* Begin XCConfigurationList section */
		5C36CAFB1452109800298B51 /* Build configuration list for PBXProject "yamllib_macos" */ = {
			isa = XCConfigurationList;
			buildConfigurations = (
				5C36CB031452109800298B51 /* Debug */,
				5C36CB041452109800298B51 /* Release */,
			);
			defaultConfigurationIsVisible = 0;
			defaultConfigurationName = Release;
		};
		5C36CB051452109800298B51 /* Build configuration list for PBXNativeTarget "yaml_macos" */ = {
			isa = XCConfigurationList;
			buildConfigurations = (
				5C36CB061452109800298B51 /* Debug */,
				5C36CB071452109800298B51 /* Release */,
			);
			defaultConfigurationIsVisible = 0;
			defaultConfigurationName = Release;
		};
/* End XCConfigurationList section */
	};
	rootObject = 5C36CAF81452109800298B51 /* Project object */;
}
