// !$*UTF8*$!
{
	archiveVersion = 1;
	classes = {
	};
	objectVersion = 46;
	objects = {

/* Begin PBXBuildFile section */
		5C42C8D114E3A5BE00EB3F53 /* c14n.c in Sources */ = {isa = PBXBuildFile; fileRef = 5C42C8A114E3A5BE00EB3F53 /* c14n.c */; };
		5C42C8D214E3A5BE00EB3F53 /* catalog.c in Sources */ = {isa = PBXBuildFile; fileRef = 5C42C8A214E3A5BE00EB3F53 /* catalog.c */; };
		5C42C8D314E3A5BE00EB3F53 /* chvalid.c in Sources */ = {isa = PBXBuildFile; fileRef = 5C42C8A314E3A5BE00EB3F53 /* chvalid.c */; };
		5C42C8D414E3A5BE00EB3F53 /* debugXML.c in Sources */ = {isa = PBXBuildFile; fileRef = 5C42C8A414E3A5BE00EB3F53 /* debugXML.c */; };
		5C42C8D514E3A5BE00EB3F53 /* dict.c in Sources */ = {isa = PBXBuildFile; fileRef = 5C42C8A514E3A5BE00EB3F53 /* dict.c */; };
		5C42C8D614E3A5BE00EB3F53 /* DOCBparser.c in Sources */ = {isa = PBXBuildFile; fileRef = 5C42C8A614E3A5BE00EB3F53 /* DOCBparser.c */; };
		5C42C8D714E3A5BE00EB3F53 /* encoding.c in Sources */ = {isa = PBXBuildFile; fileRef = 5C42C8A714E3A5BE00EB3F53 /* encoding.c */; };
		5C42C8D814E3A5BE00EB3F53 /* entities.c in Sources */ = {isa = PBXBuildFile; fileRef = 5C42C8A814E3A5BE00EB3F53 /* entities.c */; };
		5C42C8D914E3A5BE00EB3F53 /* error.c in Sources */ = {isa = PBXBuildFile; fileRef = 5C42C8A914E3A5BE00EB3F53 /* error.c */; };
		5C42C8DA14E3A5BE00EB3F53 /* globals.c in Sources */ = {isa = PBXBuildFile; fileRef = 5C42C8AA14E3A5BE00EB3F53 /* globals.c */; };
		5C42C8DB14E3A5BE00EB3F53 /* hash.c in Sources */ = {isa = PBXBuildFile; fileRef = 5C42C8AB14E3A5BE00EB3F53 /* hash.c */; };
		5C42C8DC14E3A5BE00EB3F53 /* HTMLparser.c in Sources */ = {isa = PBXBuildFile; fileRef = 5C42C8AC14E3A5BE00EB3F53 /* HTMLparser.c */; };
		5C42C8DD14E3A5BE00EB3F53 /* HTMLtree.c in Sources */ = {isa = PBXBuildFile; fileRef = 5C42C8AD14E3A5BE00EB3F53 /* HTMLtree.c */; };
		5C42C8DE14E3A5BE00EB3F53 /* legacy.c in Sources */ = {isa = PBXBuildFile; fileRef = 5C42C8AE14E3A5BE00EB3F53 /* legacy.c */; };
		5C42C8DF14E3A5BE00EB3F53 /* list.c in Sources */ = {isa = PBXBuildFile; fileRef = 5C42C8AF14E3A5BE00EB3F53 /* list.c */; };
		5C42C8E114E3A5BE00EB3F53 /* nanohttp.c in Sources */ = {isa = PBXBuildFile; fileRef = 5C42C8B114E3A5BE00EB3F53 /* nanohttp.c */; };
		5C42C8E214E3A5BE00EB3F53 /* parser.c in Sources */ = {isa = PBXBuildFile; fileRef = 5C42C8B214E3A5BE00EB3F53 /* parser.c */; };
		5C42C8E314E3A5BE00EB3F53 /* parserInternals.c in Sources */ = {isa = PBXBuildFile; fileRef = 5C42C8B314E3A5BE00EB3F53 /* parserInternals.c */; };
		5C42C8E414E3A5BE00EB3F53 /* pattern.c in Sources */ = {isa = PBXBuildFile; fileRef = 5C42C8B414E3A5BE00EB3F53 /* pattern.c */; };
		5C42C8E514E3A5BE00EB3F53 /* relaxng.c in Sources */ = {isa = PBXBuildFile; fileRef = 5C42C8B514E3A5BE00EB3F53 /* relaxng.c */; };
		5C42C8E614E3A5BE00EB3F53 /* SAX.c in Sources */ = {isa = PBXBuildFile; fileRef = 5C42C8B614E3A5BE00EB3F53 /* SAX.c */; };
		5C42C8E714E3A5BE00EB3F53 /* SAX2.c in Sources */ = {isa = PBXBuildFile; fileRef = 5C42C8B714E3A5BE00EB3F53 /* SAX2.c */; };
		5C42C8E814E3A5BE00EB3F53 /* schematron.c in Sources */ = {isa = PBXBuildFile; fileRef = 5C42C8B814E3A5BE00EB3F53 /* schematron.c */; };
		5C42C8E914E3A5BE00EB3F53 /* threads.c in Sources */ = {isa = PBXBuildFile; fileRef = 5C42C8B914E3A5BE00EB3F53 /* threads.c */; };
		5C42C8EA14E3A5BE00EB3F53 /* tree.c in Sources */ = {isa = PBXBuildFile; fileRef = 5C42C8BA14E3A5BE00EB3F53 /* tree.c */; };
		5C42C8EB14E3A5BE00EB3F53 /* trio.c in Sources */ = {isa = PBXBuildFile; fileRef = 5C42C8BB14E3A5BE00EB3F53 /* trio.c */; };
		5C42C8EC14E3A5BE00EB3F53 /* trionan.c in Sources */ = {isa = PBXBuildFile; fileRef = 5C42C8BC14E3A5BE00EB3F53 /* trionan.c */; };
		5C42C8ED14E3A5BE00EB3F53 /* triostr.c in Sources */ = {isa = PBXBuildFile; fileRef = 5C42C8BD14E3A5BE00EB3F53 /* triostr.c */; };
		5C42C8EE14E3A5BE00EB3F53 /* uri.c in Sources */ = {isa = PBXBuildFile; fileRef = 5C42C8BE14E3A5BE00EB3F53 /* uri.c */; };
		5C42C8EF14E3A5BE00EB3F53 /* valid.c in Sources */ = {isa = PBXBuildFile; fileRef = 5C42C8BF14E3A5BE00EB3F53 /* valid.c */; };
		5C42C8F014E3A5BE00EB3F53 /* xinclude.c in Sources */ = {isa = PBXBuildFile; fileRef = 5C42C8C014E3A5BE00EB3F53 /* xinclude.c */; };
		5C42C8F114E3A5BE00EB3F53 /* xlink.c in Sources */ = {isa = PBXBuildFile; fileRef = 5C42C8C114E3A5BE00EB3F53 /* xlink.c */; };
		5C42C8F214E3A5BE00EB3F53 /* xmlcatalog.c in Sources */ = {isa = PBXBuildFile; fileRef = 5C42C8C214E3A5BE00EB3F53 /* xmlcatalog.c */; };
		5C42C8F314E3A5BE00EB3F53 /* xmlIO.c in Sources */ = {isa = PBXBuildFile; fileRef = 5C42C8C314E3A5BE00EB3F53 /* xmlIO.c */; };
		5C42C8F414E3A5BE00EB3F53 /* xmllint.c in Sources */ = {isa = PBXBuildFile; fileRef = 5C42C8C414E3A5BE00EB3F53 /* xmllint.c */; };
		5C42C8F514E3A5BE00EB3F53 /* xmlmemory.c in Sources */ = {isa = PBXBuildFile; fileRef = 5C42C8C514E3A5BE00EB3F53 /* xmlmemory.c */; };
		5C42C8F614E3A5BE00EB3F53 /* xmlmodule.c in Sources */ = {isa = PBXBuildFile; fileRef = 5C42C8C614E3A5BE00EB3F53 /* xmlmodule.c */; };
		5C42C8F714E3A5BE00EB3F53 /* xmlreader.c in Sources */ = {isa = PBXBuildFile; fileRef = 5C42C8C714E3A5BE00EB3F53 /* xmlreader.c */; };
		5C42C8F814E3A5BE00EB3F53 /* xmlregexp.c in Sources */ = {isa = PBXBuildFile; fileRef = 5C42C8C814E3A5BE00EB3F53 /* xmlregexp.c */; };
		5C42C8F914E3A5BE00EB3F53 /* xmlsave.c in Sources */ = {isa = PBXBuildFile; fileRef = 5C42C8C914E3A5BE00EB3F53 /* xmlsave.c */; };
		5C42C8FA14E3A5BE00EB3F53 /* xmlschemas.c in Sources */ = {isa = PBXBuildFile; fileRef = 5C42C8CA14E3A5BE00EB3F53 /* xmlschemas.c */; };
		5C42C8FB14E3A5BE00EB3F53 /* xmlschemastypes.c in Sources */ = {isa = PBXBuildFile; fileRef = 5C42C8CB14E3A5BE00EB3F53 /* xmlschemastypes.c */; };
		5C42C8FC14E3A5BE00EB3F53 /* xmlstring.c in Sources */ = {isa = PBXBuildFile; fileRef = 5C42C8CC14E3A5BE00EB3F53 /* xmlstring.c */; };
		5C42C8FD14E3A5BE00EB3F53 /* xmlunicode.c in Sources */ = {isa = PBXBuildFile; fileRef = 5C42C8CD14E3A5BE00EB3F53 /* xmlunicode.c */; };
		5C42C8FE14E3A5BE00EB3F53 /* xmlwriter.c in Sources */ = {isa = PBXBuildFile; fileRef = 5C42C8CE14E3A5BE00EB3F53 /* xmlwriter.c */; };
		5C42C8FF14E3A5BE00EB3F53 /* xpath.c in Sources */ = {isa = PBXBuildFile; fileRef = 5C42C8CF14E3A5BE00EB3F53 /* xpath.c */; };
		5C42C90014E3A5BE00EB3F53 /* xpointer.c in Sources */ = {isa = PBXBuildFile; fileRef = 5C42C8D014E3A5BE00EB3F53 /* xpointer.c */; };
		5C42C90214E3A66300EB3F53 /* nanoftp.c in Sources */ = {isa = PBXBuildFile; fileRef = 5C42C90114E3A66200EB3F53 /* nanoftp.c */; };
/* End PBXBuildFile section */

/* Begin PBXFileReference section */
		5C36CB011452109800298B51 /* libxmllib_macos.a */ = {isa = PBXFileReference; explicitFileType = archive.ar; includeInIndex = 0; name = libxmllib_macos.a; path = libxml_macos.a; sourceTree = BUILT_PRODUCTS_DIR; };
		5C42C8A014E3A5B000EB3F53 /* include */ = {isa = PBXFileReference; lastKnownFileType = folder; name = include; sourceTree = "<group>"; };
		5C42C8A114E3A5BE00EB3F53 /* c14n.c */ = {isa = PBXFileReference; fileEncoding = 4; lastKnownFileType = sourcecode.c.c; path = c14n.c; sourceTree = "<group>"; };
		5C42C8A214E3A5BE00EB3F53 /* catalog.c */ = {isa = PBXFileReference; fileEncoding = 4; lastKnownFileType = sourcecode.c.c; path = catalog.c; sourceTree = "<group>"; };
		5C42C8A314E3A5BE00EB3F53 /* chvalid.c */ = {isa = PBXFileReference; fileEncoding = 4; lastKnownFileType = sourcecode.c.c; path = chvalid.c; sourceTree = "<group>"; };
		5C42C8A414E3A5BE00EB3F53 /* debugXML.c */ = {isa = PBXFileReference; fileEncoding = 4; lastKnownFileType = sourcecode.c.c; path = debugXML.c; sourceTree = "<group>"; };
		5C42C8A514E3A5BE00EB3F53 /* dict.c */ = {isa = PBXFileReference; fileEncoding = 4; lastKnownFileType = sourcecode.c.c; path = dict.c; sourceTree = "<group>"; };
		5C42C8A614E3A5BE00EB3F53 /* DOCBparser.c */ = {isa = PBXFileReference; fileEncoding = 4; lastKnownFileType = sourcecode.c.c; path = DOCBparser.c; sourceTree = "<group>"; };
		5C42C8A714E3A5BE00EB3F53 /* encoding.c */ = {isa = PBXFileReference; fileEncoding = 4; lastKnownFileType = sourcecode.c.c; path = encoding.c; sourceTree = "<group>"; };
		5C42C8A814E3A5BE00EB3F53 /* entities.c */ = {isa = PBXFileReference; fileEncoding = 4; lastKnownFileType = sourcecode.c.c; path = entities.c; sourceTree = "<group>"; };
		5C42C8A914E3A5BE00EB3F53 /* error.c */ = {isa = PBXFileReference; fileEncoding = 4; lastKnownFileType = sourcecode.c.c; path = error.c; sourceTree = "<group>"; };
		5C42C8AA14E3A5BE00EB3F53 /* globals.c */ = {isa = PBXFileReference; fileEncoding = 4; lastKnownFileType = sourcecode.c.c; path = globals.c; sourceTree = "<group>"; };
		5C42C8AB14E3A5BE00EB3F53 /* hash.c */ = {isa = PBXFileReference; fileEncoding = 4; lastKnownFileType = sourcecode.c.c; path = hash.c; sourceTree = "<group>"; };
		5C42C8AC14E3A5BE00EB3F53 /* HTMLparser.c */ = {isa = PBXFileReference; fileEncoding = 4; lastKnownFileType = sourcecode.c.c; path = HTMLparser.c; sourceTree = "<group>"; };
		5C42C8AD14E3A5BE00EB3F53 /* HTMLtree.c */ = {isa = PBXFileReference; fileEncoding = 4; lastKnownFileType = sourcecode.c.c; path = HTMLtree.c; sourceTree = "<group>"; };
		5C42C8AE14E3A5BE00EB3F53 /* legacy.c */ = {isa = PBXFileReference; fileEncoding = 4; lastKnownFileType = sourcecode.c.c; path = legacy.c; sourceTree = "<group>"; };
		5C42C8AF14E3A5BE00EB3F53 /* list.c */ = {isa = PBXFileReference; fileEncoding = 4; lastKnownFileType = sourcecode.c.c; path = list.c; sourceTree = "<group>"; };
		5C42C8B114E3A5BE00EB3F53 /* nanohttp.c */ = {isa = PBXFileReference; fileEncoding = 4; lastKnownFileType = sourcecode.c.c; path = nanohttp.c; sourceTree = "<group>"; };
		5C42C8B214E3A5BE00EB3F53 /* parser.c */ = {isa = PBXFileReference; fileEncoding = 4; lastKnownFileType = sourcecode.c.c; path = parser.c; sourceTree = "<group>"; };
		5C42C8B314E3A5BE00EB3F53 /* parserInternals.c */ = {isa = PBXFileReference; fileEncoding = 4; lastKnownFileType = sourcecode.c.c; path = parserInternals.c; sourceTree = "<group>"; };
		5C42C8B414E3A5BE00EB3F53 /* pattern.c */ = {isa = PBXFileReference; fileEncoding = 4; lastKnownFileType = sourcecode.c.c; path = pattern.c; sourceTree = "<group>"; };
		5C42C8B514E3A5BE00EB3F53 /* relaxng.c */ = {isa = PBXFileReference; fileEncoding = 4; lastKnownFileType = sourcecode.c.c; path = relaxng.c; sourceTree = "<group>"; };
		5C42C8B614E3A5BE00EB3F53 /* SAX.c */ = {isa = PBXFileReference; fileEncoding = 4; lastKnownFileType = sourcecode.c.c; path = SAX.c; sourceTree = "<group>"; };
		5C42C8B714E3A5BE00EB3F53 /* SAX2.c */ = {isa = PBXFileReference; fileEncoding = 4; lastKnownFileType = sourcecode.c.c; path = SAX2.c; sourceTree = "<group>"; };
		5C42C8B814E3A5BE00EB3F53 /* schematron.c */ = {isa = PBXFileReference; fileEncoding = 4; lastKnownFileType = sourcecode.c.c; path = schematron.c; sourceTree = "<group>"; };
		5C42C8B914E3A5BE00EB3F53 /* threads.c */ = {isa = PBXFileReference; fileEncoding = 4; lastKnownFileType = sourcecode.c.c; path = threads.c; sourceTree = "<group>"; };
		5C42C8BA14E3A5BE00EB3F53 /* tree.c */ = {isa = PBXFileReference; fileEncoding = 4; lastKnownFileType = sourcecode.c.c; path = tree.c; sourceTree = "<group>"; };
		5C42C8BB14E3A5BE00EB3F53 /* trio.c */ = {isa = PBXFileReference; fileEncoding = 4; lastKnownFileType = sourcecode.c.c; path = trio.c; sourceTree = "<group>"; };
		5C42C8BC14E3A5BE00EB3F53 /* trionan.c */ = {isa = PBXFileReference; fileEncoding = 4; lastKnownFileType = sourcecode.c.c; path = trionan.c; sourceTree = "<group>"; };
		5C42C8BD14E3A5BE00EB3F53 /* triostr.c */ = {isa = PBXFileReference; fileEncoding = 4; lastKnownFileType = sourcecode.c.c; path = triostr.c; sourceTree = "<group>"; };
		5C42C8BE14E3A5BE00EB3F53 /* uri.c */ = {isa = PBXFileReference; fileEncoding = 4; lastKnownFileType = sourcecode.c.c; path = uri.c; sourceTree = "<group>"; };
		5C42C8BF14E3A5BE00EB3F53 /* valid.c */ = {isa = PBXFileReference; fileEncoding = 4; lastKnownFileType = sourcecode.c.c; path = valid.c; sourceTree = "<group>"; };
		5C42C8C014E3A5BE00EB3F53 /* xinclude.c */ = {isa = PBXFileReference; fileEncoding = 4; lastKnownFileType = sourcecode.c.c; path = xinclude.c; sourceTree = "<group>"; };
		5C42C8C114E3A5BE00EB3F53 /* xlink.c */ = {isa = PBXFileReference; fileEncoding = 4; lastKnownFileType = sourcecode.c.c; path = xlink.c; sourceTree = "<group>"; };
		5C42C8C214E3A5BE00EB3F53 /* xmlcatalog.c */ = {isa = PBXFileReference; fileEncoding = 4; lastKnownFileType = sourcecode.c.c; path = xmlcatalog.c; sourceTree = "<group>"; };
		5C42C8C314E3A5BE00EB3F53 /* xmlIO.c */ = {isa = PBXFileReference; fileEncoding = 4; lastKnownFileType = sourcecode.c.c; path = xmlIO.c; sourceTree = "<group>"; };
		5C42C8C414E3A5BE00EB3F53 /* xmllint.c */ = {isa = PBXFileReference; fileEncoding = 4; lastKnownFileType = sourcecode.c.c; path = xmllint.c; sourceTree = "<group>"; };
		5C42C8C514E3A5BE00EB3F53 /* xmlmemory.c */ = {isa = PBXFileReference; fileEncoding = 4; lastKnownFileType = sourcecode.c.c; path = xmlmemory.c; sourceTree = "<group>"; };
		5C42C8C614E3A5BE00EB3F53 /* xmlmodule.c */ = {isa = PBXFileReference; fileEncoding = 4; lastKnownFileType = sourcecode.c.c; path = xmlmodule.c; sourceTree = "<group>"; };
		5C42C8C714E3A5BE00EB3F53 /* xmlreader.c */ = {isa = PBXFileReference; fileEncoding = 4; lastKnownFileType = sourcecode.c.c; path = xmlreader.c; sourceTree = "<group>"; };
		5C42C8C814E3A5BE00EB3F53 /* xmlregexp.c */ = {isa = PBXFileReference; fileEncoding = 4; lastKnownFileType = sourcecode.c.c; path = xmlregexp.c; sourceTree = "<group>"; };
		5C42C8C914E3A5BE00EB3F53 /* xmlsave.c */ = {isa = PBXFileReference; fileEncoding = 4; lastKnownFileType = sourcecode.c.c; path = xmlsave.c; sourceTree = "<group>"; };
		5C42C8CA14E3A5BE00EB3F53 /* xmlschemas.c */ = {isa = PBXFileReference; fileEncoding = 4; lastKnownFileType = sourcecode.c.c; path = xmlschemas.c; sourceTree = "<group>"; };
		5C42C8CB14E3A5BE00EB3F53 /* xmlschemastypes.c */ = {isa = PBXFileReference; fileEncoding = 4; lastKnownFileType = sourcecode.c.c; path = xmlschemastypes.c; sourceTree = "<group>"; };
		5C42C8CC14E3A5BE00EB3F53 /* xmlstring.c */ = {isa = PBXFileReference; fileEncoding = 4; lastKnownFileType = sourcecode.c.c; path = xmlstring.c; sourceTree = "<group>"; };
		5C42C8CD14E3A5BE00EB3F53 /* xmlunicode.c */ = {isa = PBXFileReference; fileEncoding = 4; lastKnownFileType = sourcecode.c.c; path = xmlunicode.c; sourceTree = "<group>"; };
		5C42C8CE14E3A5BE00EB3F53 /* xmlwriter.c */ = {isa = PBXFileReference; fileEncoding = 4; lastKnownFileType = sourcecode.c.c; path = xmlwriter.c; sourceTree = "<group>"; };
		5C42C8CF14E3A5BE00EB3F53 /* xpath.c */ = {isa = PBXFileReference; fileEncoding = 4; lastKnownFileType = sourcecode.c.c; path = xpath.c; sourceTree = "<group>"; };
		5C42C8D014E3A5BE00EB3F53 /* xpointer.c */ = {isa = PBXFileReference; fileEncoding = 4; lastKnownFileType = sourcecode.c.c; path = xpointer.c; sourceTree = "<group>"; };
		5C42C90114E3A66200EB3F53 /* nanoftp.c */ = {isa = PBXFileReference; fileEncoding = 4; lastKnownFileType = sourcecode.c.c; path = nanoftp.c; sourceTree = "<group>"; };
/* End PBXFileReference section */

/* Begin PBXFrameworksBuildPhase section */
		5C36CAFE1452109800298B51 /* Frameworks */ = {
			isa = PBXFrameworksBuildPhase;
			buildActionMask = 2147483647;
			files = (
			);
			runOnlyForDeploymentPostprocessing = 0;
		};
/* End PBXFrameworksBuildPhase section */

/* Begin PBXGroup section */
		5C36CAF61452109800298B51 = {
			isa = PBXGroup;
			children = (
				5C36CB021452109800298B51 /* Products */,
				5C36CB08145210AB00298B51 /* include */,
				5C36CB0D145210AB00298B51 /* src */,
			);
			sourceTree = "<group>";
		};
		5C36CB021452109800298B51 /* Products */ = {
			isa = PBXGroup;
			children = (
				5C36CB011452109800298B51 /* libxmllib_macos.a */,
			);
			name = Products;
			sourceTree = "<group>";
		};
		5C36CB08145210AB00298B51 /* include */ = {
			isa = PBXGroup;
			children = (
				5C42C8A014E3A5B000EB3F53 /* include */,
			);
			name = include;
			path = ../../include;
			sourceTree = "<group>";
		};
		5C36CB0D145210AB00298B51 /* src */ = {
			isa = PBXGroup;
			children = (
				5C42C8A114E3A5BE00EB3F53 /* c14n.c */,
				5C42C8A214E3A5BE00EB3F53 /* catalog.c */,
				5C42C8A314E3A5BE00EB3F53 /* chvalid.c */,
				5C42C8A414E3A5BE00EB3F53 /* debugXML.c */,
				5C42C8A514E3A5BE00EB3F53 /* dict.c */,
				5C42C8A614E3A5BE00EB3F53 /* DOCBparser.c */,
				5C42C8A714E3A5BE00EB3F53 /* encoding.c */,
				5C42C8A814E3A5BE00EB3F53 /* entities.c */,
				5C42C8A914E3A5BE00EB3F53 /* error.c */,
				5C42C8AA14E3A5BE00EB3F53 /* globals.c */,
				5C42C8AB14E3A5BE00EB3F53 /* hash.c */,
				5C42C8AC14E3A5BE00EB3F53 /* HTMLparser.c */,
				5C42C8AD14E3A5BE00EB3F53 /* HTMLtree.c */,
				5C42C8AE14E3A5BE00EB3F53 /* legacy.c */,
				5C42C8AF14E3A5BE00EB3F53 /* list.c */,
				5C42C90114E3A66200EB3F53 /* nanoftp.c */,
				5C42C8B114E3A5BE00EB3F53 /* nanohttp.c */,
				5C42C8B214E3A5BE00EB3F53 /* parser.c */,
				5C42C8B314E3A5BE00EB3F53 /* parserInternals.c */,
				5C42C8B414E3A5BE00EB3F53 /* pattern.c */,
				5C42C8B514E3A5BE00EB3F53 /* relaxng.c */,
				5C42C8B614E3A5BE00EB3F53 /* SAX.c */,
				5C42C8B714E3A5BE00EB3F53 /* SAX2.c */,
				5C42C8B814E3A5BE00EB3F53 /* schematron.c */,
				5C42C8B914E3A5BE00EB3F53 /* threads.c */,
				5C42C8BA14E3A5BE00EB3F53 /* tree.c */,
				5C42C8BB14E3A5BE00EB3F53 /* trio.c */,
				5C42C8BC14E3A5BE00EB3F53 /* trionan.c */,
				5C42C8BD14E3A5BE00EB3F53 /* triostr.c */,
				5C42C8BE14E3A5BE00EB3F53 /* uri.c */,
				5C42C8BF14E3A5BE00EB3F53 /* valid.c */,
				5C42C8C014E3A5BE00EB3F53 /* xinclude.c */,
				5C42C8C114E3A5BE00EB3F53 /* xlink.c */,
				5C42C8C214E3A5BE00EB3F53 /* xmlcatalog.c */,
				5C42C8C314E3A5BE00EB3F53 /* xmlIO.c */,
				5C42C8C414E3A5BE00EB3F53 /* xmllint.c */,
				5C42C8C514E3A5BE00EB3F53 /* xmlmemory.c */,
				5C42C8C614E3A5BE00EB3F53 /* xmlmodule.c */,
				5C42C8C714E3A5BE00EB3F53 /* xmlreader.c */,
				5C42C8C814E3A5BE00EB3F53 /* xmlregexp.c */,
				5C42C8C914E3A5BE00EB3F53 /* xmlsave.c */,
				5C42C8CA14E3A5BE00EB3F53 /* xmlschemas.c */,
				5C42C8CB14E3A5BE00EB3F53 /* xmlschemastypes.c */,
				5C42C8CC14E3A5BE00EB3F53 /* xmlstring.c */,
				5C42C8CD14E3A5BE00EB3F53 /* xmlunicode.c */,
				5C42C8CE14E3A5BE00EB3F53 /* xmlwriter.c */,
				5C42C8CF14E3A5BE00EB3F53 /* xpath.c */,
				5C42C8D014E3A5BE00EB3F53 /* xpointer.c */,
			);
			name = src;
			path = ../../src;
			sourceTree = "<group>";
		};
/* End PBXGroup section */

/* Begin PBXHeadersBuildPhase section */
		5C36CAFF1452109800298B51 /* Headers */ = {
			isa = PBXHeadersBuildPhase;
			buildActionMask = 2147483647;
			files = (
			);
			runOnlyForDeploymentPostprocessing = 0;
		};
/* End PBXHeadersBuildPhase section */

/* Begin PBXNativeTarget section */
		5C36CB001452109800298B51 /* xml_macos */ = {
			isa = PBXNativeTarget;
			buildConfigurationList = 5C36CB051452109800298B51 /* Build configuration list for PBXNativeTarget "xml_macos" */;
			buildPhases = (
				5C36CAFD1452109800298B51 /* Sources */,
				5C36CAFE1452109800298B51 /* Frameworks */,
				5C36CAFF1452109800298B51 /* Headers */,
				5C36CB351452110100298B51 /* ShellScript */,
			);
			buildRules = (
			);
			dependencies = (
			);
			name = xml_macos;
			productName = xmllib_macos;
			productReference = 5C36CB011452109800298B51 /* libxmllib_macos.a */;
			productType = "com.apple.product-type.library.static";
		};
/* End PBXNativeTarget section */

/* Begin PBXProject section */
		5C36CAF81452109800298B51 /* Project object */ = {
			isa = PBXProject;
			buildConfigurationList = 5C36CAFB1452109800298B51 /* Build configuration list for PBXProject "xmllib_macos" */;
			compatibilityVersion = "Xcode 3.2";
			developmentRegion = English;
			hasScannedForEncodings = 0;
			knownRegions = (
				en,
			);
			mainGroup = 5C36CAF61452109800298B51;
			productRefGroup = 5C36CB021452109800298B51 /* Products */;
			projectDirPath = "";
			projectRoot = "";
			targets = (
				5C36CB001452109800298B51 /* xml_macos */,
			);
		};
/* End PBXProject section */

/* Begin PBXShellScriptBuildPhase section */
		5C36CB351452110100298B51 /* ShellScript */ = {
			isa = PBXShellScriptBuildPhase;
			buildActionMask = 2147483647;
			files = (
			);
			inputPaths = (
			);
			outputPaths = (
			);
			runOnlyForDeploymentPostprocessing = 0;
			shellPath = /bin/sh;
			shellScript = "cp \"${BUILT_PRODUCTS_DIR}/libxml_macos.a\" \"${PROJECT_DIR}/../../../libs/\"";
		};
/* End PBXShellScriptBuildPhase section */

/* Begin PBXSourcesBuildPhase section */
		5C36CAFD1452109800298B51 /* Sources */ = {
			isa = PBXSourcesBuildPhase;
			buildActionMask = 2147483647;
			files = (
				5C42C8D114E3A5BE00EB3F53 /* c14n.c in Sources */,
				5C42C8D214E3A5BE00EB3F53 /* catalog.c in Sources */,
				5C42C8D314E3A5BE00EB3F53 /* chvalid.c in Sources */,
				5C42C8D414E3A5BE00EB3F53 /* debugXML.c in Sources */,
				5C42C8D514E3A5BE00EB3F53 /* dict.c in Sources */,
				5C42C8D614E3A5BE00EB3F53 /* DOCBparser.c in Sources */,
				5C42C8D714E3A5BE00EB3F53 /* encoding.c in Sources */,
				5C42C8D814E3A5BE00EB3F53 /* entities.c in Sources */,
				5C42C8D914E3A5BE00EB3F53 /* error.c in Sources */,
				5C42C8DA14E3A5BE00EB3F53 /* globals.c in Sources */,
				5C42C8DB14E3A5BE00EB3F53 /* hash.c in Sources */,
				5C42C8DC14E3A5BE00EB3F53 /* HTMLparser.c in Sources */,
				5C42C8DD14E3A5BE00EB3F53 /* HTMLtree.c in Sources */,
				5C42C8DE14E3A5BE00EB3F53 /* legacy.c in Sources */,
				5C42C8DF14E3A5BE00EB3F53 /* list.c in Sources */,
				5C42C8E114E3A5BE00EB3F53 /* nanohttp.c in Sources */,
				5C42C8E214E3A5BE00EB3F53 /* parser.c in Sources */,
				5C42C8E314E3A5BE00EB3F53 /* parserInternals.c in Sources */,
				5C42C8E414E3A5BE00EB3F53 /* pattern.c in Sources */,
				5C42C8E514E3A5BE00EB3F53 /* relaxng.c in Sources */,
				5C42C8E614E3A5BE00EB3F53 /* SAX.c in Sources */,
				5C42C8E714E3A5BE00EB3F53 /* SAX2.c in Sources */,
				5C42C8E814E3A5BE00EB3F53 /* schematron.c in Sources */,
				5C42C8E914E3A5BE00EB3F53 /* threads.c in Sources */,
				5C42C8EA14E3A5BE00EB3F53 /* tree.c in Sources */,
				5C42C8EB14E3A5BE00EB3F53 /* trio.c in Sources */,
				5C42C8EC14E3A5BE00EB3F53 /* trionan.c in Sources */,
				5C42C8ED14E3A5BE00EB3F53 /* triostr.c in Sources */,
				5C42C8EE14E3A5BE00EB3F53 /* uri.c in Sources */,
				5C42C8EF14E3A5BE00EB3F53 /* valid.c in Sources */,
				5C42C8F014E3A5BE00EB3F53 /* xinclude.c in Sources */,
				5C42C8F114E3A5BE00EB3F53 /* xlink.c in Sources */,
				5C42C8F214E3A5BE00EB3F53 /* xmlcatalog.c in Sources */,
				5C42C8F314E3A5BE00EB3F53 /* xmlIO.c in Sources */,
				5C42C8F414E3A5BE00EB3F53 /* xmllint.c in Sources */,
				5C42C8F514E3A5BE00EB3F53 /* xmlmemory.c in Sources */,
				5C42C8F614E3A5BE00EB3F53 /* xmlmodule.c in Sources */,
				5C42C8F714E3A5BE00EB3F53 /* xmlreader.c in Sources */,
				5C42C8F814E3A5BE00EB3F53 /* xmlregexp.c in Sources */,
				5C42C8F914E3A5BE00EB3F53 /* xmlsave.c in Sources */,
				5C42C8FA14E3A5BE00EB3F53 /* xmlschemas.c in Sources */,
				5C42C8FB14E3A5BE00EB3F53 /* xmlschemastypes.c in Sources */,
				5C42C8FC14E3A5BE00EB3F53 /* xmlstring.c in Sources */,
				5C42C8FD14E3A5BE00EB3F53 /* xmlunicode.c in Sources */,
				5C42C8FE14E3A5BE00EB3F53 /* xmlwriter.c in Sources */,
				5C42C8FF14E3A5BE00EB3F53 /* xpath.c in Sources */,
				5C42C90014E3A5BE00EB3F53 /* xpointer.c in Sources */,
				5C42C90214E3A66300EB3F53 /* nanoftp.c in Sources */,
			);
			runOnlyForDeploymentPostprocessing = 0;
		};
/* End PBXSourcesBuildPhase section */

/* Begin XCBuildConfiguration section */
		5C36CB031452109800298B51 /* Debug */ = {
			isa = XCBuildConfiguration;
			buildSettings = {
				ALWAYS_SEARCH_USER_PATHS = NO;
				ARCHS = "$(ARCHS_STANDARD_32_64_BIT)";
				COPY_PHASE_STRIP = NO;
				GCC_C_LANGUAGE_STANDARD = gnu99;
				GCC_DYNAMIC_NO_PIC = NO;
				GCC_ENABLE_OBJC_EXCEPTIONS = YES;
				GCC_OPTIMIZATION_LEVEL = 0;
				GCC_PREPROCESSOR_DEFINITIONS = (
					"DEBUG=1",
					"$(inherited)",
				);
				GCC_SYMBOLS_PRIVATE_EXTERN = NO;
				GCC_WARN_64_TO_32_BIT_CONVERSION = YES;
				GCC_WARN_ABOUT_MISSING_PROTOTYPES = YES;
				GCC_WARN_ABOUT_RETURN_TYPE = YES;
				GCC_WARN_UNUSED_VARIABLE = YES;
				HEADER_SEARCH_PATHS = ./../../include;
				MACOSX_DEPLOYMENT_TARGET = 10.7;
				ONLY_ACTIVE_ARCH = YES;
				OTHER_CFLAGS = (
					"-DHAVE_CONFIG_H",
					"-DHAVE_VA_COPY",
				);
				SDKROOT = macosx;
			};
			name = Debug;
		};
		5C36CB041452109800298B51 /* Release */ = {
			isa = XCBuildConfiguration;
			buildSettings = {
				ALWAYS_SEARCH_USER_PATHS = NO;
				ARCHS = "$(ARCHS_STANDARD_32_64_BIT)";
				COPY_PHASE_STRIP = YES;
				DEBUG_INFORMATION_FORMAT = "dwarf-with-dsym";
				GCC_C_LANGUAGE_STANDARD = gnu99;
				GCC_ENABLE_OBJC_EXCEPTIONS = YES;
				GCC_WARN_64_TO_32_BIT_CONVERSION = YES;
				GCC_WARN_ABOUT_MISSING_PROTOTYPES = YES;
				GCC_WARN_ABOUT_RETURN_TYPE = YES;
				GCC_WARN_UNUSED_VARIABLE = YES;
				HEADER_SEARCH_PATHS = ./../../include;
				MACOSX_DEPLOYMENT_TARGET = 10.7;
				OTHER_CFLAGS = (
					"-DHAVE_CONFIG_H",
					"-DHAVE_VA_COPY",
				);
				SDKROOT = macosx;
			};
			name = Release;
		};
		5C36CB061452109800298B51 /* Debug */ = {
			isa = XCBuildConfiguration;
			buildSettings = {
				EXECUTABLE_PREFIX = lib;
				PRODUCT_NAME = "$(TARGET_NAME)";
			};
			name = Debug;
		};
		5C36CB071452109800298B51 /* Release */ = {
			isa = XCBuildConfiguration;
			buildSettings = {
				EXECUTABLE_PREFIX = lib;
				PRODUCT_NAME = "$(TARGET_NAME)";
			};
			name = Release;
		};
/* End XCBuildConfiguration section */

/* Begin XCConfigurationList section */
		5C36CAFB1452109800298B51 /* Build configuration list for PBXProject "xmllib_macos" */ = {
			isa = XCConfigurationList;
			buildConfigurations = (
				5C36CB031452109800298B51 /* Debug */,
				5C36CB041452109800298B51 /* Release */,
			);
			defaultConfigurationIsVisible = 0;
			defaultConfigurationName = Release;
		};
		5C36CB051452109800298B51 /* Build configuration list for PBXNativeTarget "xml_macos" */ = {
			isa = XCConfigurationList;
			buildConfigurations = (
				5C36CB061452109800298B51 /* Debug */,
				5C36CB071452109800298B51 /* Release */,
			);
			defaultConfigurationIsVisible = 0;
			defaultConfigurationName = Release;
		};
/* End XCConfigurationList section */
	};
	rootObject = 5C36CAF81452109800298B51 /* Project object */;
}
