// !$*UTF8*$!
{
	archiveVersion = 1;
	classes = {
	};
	objectVersion = 46;
	objects = {

/* Begin PBXBuildFile section */
		5CEE1CA01573CE0100BC45C6 /* bson.c in Sources */ = {isa = PBXBuildFile; fileRef = 5CEE1C921573CE0100BC45C6 /* bson.c */; };
		5CEE1CA21573CE0100BC45C6 /* encoding.c in Sources */ = {isa = PBXBuildFile; fileRef = 5CEE1C941573CE0100BC45C6 /* encoding.c */; };
		5CEE1CA31573CE0100BC45C6 /* encoding.h in Headers */ = {isa = PBXBuildFile; fileRef = 5CEE1C951573CE0100BC45C6 /* encoding.h */; };
		5CEE1CA41573CE0100BC45C6 /* env_posix.c in Sources */ = {isa = PBXBuildFile; fileRef = 5CEE1C961573CE0100BC45C6 /* env_posix.c */; };
		5CEE1CA51573CE0100BC45C6 /* env_standard.c in Sources */ = {isa = PBXBuildFile; fileRef = 5CEE1C971573CE0100BC45C6 /* env_standard.c */; };
		5CEE1CA71573CE0100BC45C6 /* env.h in Headers */ = {isa = PBXBuildFile; fileRef = 5CEE1C991573CE0100BC45C6 /* env.h */; };
		5CEE1CA81573CE0100BC45C6 /* gridfs.c in Sources */ = {isa = PBXBuildFile; fileRef = 5CEE1C9A1573CE0100BC45C6 /* gridfs.c */; };
		5CEE1CAA1573CE0100BC45C6 /* md5.c in Sources */ = {isa = PBXBuildFile; fileRef = 5CEE1C9C1573CE0100BC45C6 /* md5.c */; };
		5CEE1CAB1573CE0100BC45C6 /* md5.h in Headers */ = {isa = PBXBuildFile; fileRef = 5CEE1C9D1573CE0100BC45C6 /* md5.h */; };
		5CEE1CAC1573CE0100BC45C6 /* mongo.c in Sources */ = {isa = PBXBuildFile; fileRef = 5CEE1C9E1573CE0100BC45C6 /* mongo.c */; };
		5CEE1CAD1573CE0100BC45C6 /* numbers.c in Sources */ = {isa = PBXBuildFile; fileRef = 5CEE1C9F1573CE0100BC45C6 /* numbers.c */; };
/* End PBXBuildFile section */

/* Begin PBXFileReference section */
		5CEE1C6D1573CD2E00BC45C6 /* libmongodblib.a */ = {isa = PBXFileReference; explicitFileType = archive.ar; includeInIndex = 0; name = libmongodblib.a; path = libmongodb_macos.a; sourceTree = BUILT_PRODUCTS_DIR; };
		5CEE1C921573CE0100BC45C6 /* bson.c */ = {isa = PBXFileReference; fileEncoding = 4; lastKnownFileType = sourcecode.c.c; name = bson.c; path = ../../src/bson.c; sourceTree = "<group>"; };
		5CEE1C941573CE0100BC45C6 /* encoding.c */ = {isa = PBXFileReference; fileEncoding = 4; lastKnownFileType = sourcecode.c.c; name = encoding.c; path = ../../src/encoding.c; sourceTree = "<group>"; };
		5CEE1C951573CE0100BC45C6 /* encoding.h */ = {isa = PBXFileReference; fileEncoding = 4; lastKnownFileType = sourcecode.c.h; name = encoding.h; path = ../../src/encoding.h; sourceTree = "<group>"; };
		5CEE1C961573CE0100BC45C6 /* env_posix.c */ = {isa = PBXFileReference; fileEncoding = 4; lastKnownFileType = sourcecode.c.c; name = env_posix.c; path = ../../src/env_posix.c; sourceTree = "<group>"; };
		5CEE1C971573CE0100BC45C6 /* env_standard.c */ = {isa = PBXFileReference; fileEncoding = 4; lastKnownFileType = sourcecode.c.c; name = env_standard.c; path = ../../src/env_standard.c; sourceTree = "<group>"; };
		5CEE1C991573CE0100BC45C6 /* env.h */ = {isa = PBXFileReference; fileEncoding = 4; lastKnownFileType = sourcecode.c.h; name = env.h; path = ../../src/env.h; sourceTree = "<group>"; };
		5CEE1C9A1573CE0100BC45C6 /* gridfs.c */ = {isa = PBXFileReference; fileEncoding = 4; lastKnownFileType = sourcecode.c.c; name = gridfs.c; path = ../../src/gridfs.c; sourceTree = "<group>"; };
		5CEE1C9C1573CE0100BC45C6 /* md5.c */ = {isa = PBXFileReference; fileEncoding = 4; lastKnownFileType = sourcecode.c.c; name = md5.c; path = ../../src/md5.c; sourceTree = "<group>"; };
		5CEE1C9D1573CE0100BC45C6 /* md5.h */ = {isa = PBXFileReference; fileEncoding = 4; lastKnownFileType = sourcecode.c.h; name = md5.h; path = ../../src/md5.h; sourceTree = "<group>"; };
		5CEE1C9E1573CE0100BC45C6 /* mongo.c */ = {isa = PBXFileReference; fileEncoding = 4; lastKnownFileType = sourcecode.c.c; name = mongo.c; path = ../../src/mongo.c; sourceTree = "<group>"; };
		5CEE1C9F1573CE0100BC45C6 /* numbers.c */ = {isa = PBXFileReference; fileEncoding = 4; lastKnownFileType = sourcecode.c.c; name = numbers.c; path = ../../src/numbers.c; sourceTree = "<group>"; };
		5CEE1CB21573D0F700BC45C6 /* mongodb */ = {isa = PBXFileReference; lastKnownFileType = folder; name = mongodb; path = ../../include/mongodb; sourceTree = "<group>"; };
/* End PBXFileReference section */

/* Begin PBXFrameworksBuildPhase section */
		5CEE1C6A1573CD2E00BC45C6 /* Frameworks */ = {
			isa = PBXFrameworksBuildPhase;
			buildActionMask = 2147483647;
			files = (
			);
			runOnlyForDeploymentPostprocessing = 0;
		};
/* End PBXFrameworksBuildPhase section */

/* Begin PBXGroup section */
		5CEE1C621573CD2E00BC45C6 = {
			isa = PBXGroup;
			children = (
				5CEE1C7C1573CD8000BC45C6 /* src */,
				5CEE1C7B1573CD7B00BC45C6 /* include */,
				5CEE1C6E1573CD2E00BC45C6 /* Products */,
			);
			sourceTree = "<group>";
		};
		5CEE1C6E1573CD2E00BC45C6 /* Products */ = {
			isa = PBXGroup;
			children = (
				5CEE1C6D1573CD2E00BC45C6 /* libmongodblib.a */,
			);
			name = Products;
			sourceTree = "<group>";
		};
		5CEE1C7B1573CD7B00BC45C6 /* include */ = {
			isa = PBXGroup;
			children = (
				5CEE1CB21573D0F700BC45C6 /* mongodb */,
			);
			name = include;
			sourceTree = "<group>";
		};
		5CEE1C7C1573CD8000BC45C6 /* src */ = {
			isa = PBXGroup;
			children = (
				5CEE1C921573CE0100BC45C6 /* bson.c */,
				5CEE1C941573CE0100BC45C6 /* encoding.c */,
				5CEE1C951573CE0100BC45C6 /* encoding.h */,
				5CEE1C961573CE0100BC45C6 /* env_posix.c */,
				5CEE1C971573CE0100BC45C6 /* env_standard.c */,
				5CEE1C991573CE0100BC45C6 /* env.h */,
				5CEE1C9A1573CE0100BC45C6 /* gridfs.c */,
				5CEE1C9C1573CE0100BC45C6 /* md5.c */,
				5CEE1C9D1573CE0100BC45C6 /* md5.h */,
				5CEE1C9E1573CE0100BC45C6 /* mongo.c */,
				5CEE1C9F1573CE0100BC45C6 /* numbers.c */,
			);
			name = src;
			sourceTree = "<group>";
		};
/* End PBXGroup section */

/* Begin PBXHeadersBuildPhase section */
		5CEE1C6B1573CD2E00BC45C6 /* Headers */ = {
			isa = PBXHeadersBuildPhase;
			buildActionMask = 2147483647;
			files = (
				5CEE1CA31573CE0100BC45C6 /* encoding.h in Headers */,
				5CEE1CA71573CE0100BC45C6 /* env.h in Headers */,
				5CEE1CAB1573CE0100BC45C6 /* md5.h in Headers */,
			);
			runOnlyForDeploymentPostprocessing = 0;
		};
/* End PBXHeadersBuildPhase section */

/* Begin PBXNativeTarget section */
		5CEE1C6C1573CD2E00BC45C6 /* mongodblib */ = {
			isa = PBXNativeTarget;
			buildConfigurationList = 5CEE1C711573CD2E00BC45C6 /* Build configuration list for PBXNativeTarget "mongodblib" */;
			buildPhases = (
				5CEE1C691573CD2E00BC45C6 /* Sources */,
				5CEE1C6A1573CD2E00BC45C6 /* Frameworks */,
				5CEE1C6B1573CD2E00BC45C6 /* Headers */,
				5CEE1CB11573D01200BC45C6 /* ShellScript */,
			);
			buildRules = (
			);
			dependencies = (
			);
			name = mongodblib;
			productName = mongodblib;
			productReference = 5CEE1C6D1573CD2E00BC45C6 /* libmongodblib.a */;
			productType = "com.apple.product-type.library.static";
		};
/* End PBXNativeTarget section */

/* Begin PBXProject section */
		5CEE1C641573CD2E00BC45C6 /* Project object */ = {
			isa = PBXProject;
			attributes = {
				LastUpgradeCheck = 0430;
			};
			buildConfigurationList = 5CEE1C671573CD2E00BC45C6 /* Build configuration list for PBXProject "mongodblib" */;
			compatibilityVersion = "Xcode 3.2";
			developmentRegion = English;
			hasScannedForEncodings = 0;
			knownRegions = (
				en,
			);
			mainGroup = 5CEE1C621573CD2E00BC45C6;
			productRefGroup = 5CEE1C6E1573CD2E00BC45C6 /* Products */;
			projectDirPath = "";
			projectRoot = "";
			targets = (
				5CEE1C6C1573CD2E00BC45C6 /* mongodblib */,
			);
		};
/* End PBXProject section */

/* Begin PBXShellScriptBuildPhase section */
		5CEE1CB11573D01200BC45C6 /* ShellScript */ = {
			isa = PBXShellScriptBuildPhase;
			buildActionMask = 2147483647;
			files = (
			);
			inputPaths = (
			);
			outputPaths = (
			);
			runOnlyForDeploymentPostprocessing = 0;
			shellPath = /bin/sh;
			shellScript = "cp \"${BUILT_PRODUCTS_DIR}/libmongodb_macos.a\" \"${PROJECT_DIR}/../../../libs/\"";
		};
/* End PBXShellScriptBuildPhase section */

/* Begin PBXSourcesBuildPhase section */
		5CEE1C691573CD2E00BC45C6 /* Sources */ = {
			isa = PBXSourcesBuildPhase;
			buildActionMask = 2147483647;
			files = (
				5CEE1CA01573CE0100BC45C6 /* bson.c in Sources */,
				5CEE1CA21573CE0100BC45C6 /* encoding.c in Sources */,
				5CEE1CA41573CE0100BC45C6 /* env_posix.c in Sources */,
				5CEE1CA51573CE0100BC45C6 /* env_standard.c in Sources */,
				5CEE1CA81573CE0100BC45C6 /* gridfs.c in Sources */,
				5CEE1CAA1573CE0100BC45C6 /* md5.c in Sources */,
				5CEE1CAC1573CE0100BC45C6 /* mongo.c in Sources */,
				5CEE1CAD1573CE0100BC45C6 /* numbers.c in Sources */,
			);
			runOnlyForDeploymentPostprocessing = 0;
		};
/* End PBXSourcesBuildPhase section */

/* Begin XCBuildConfiguration section */
		5CEE1C6F1573CD2E00BC45C6 /* Debug */ = {
			isa = XCBuildConfiguration;
			buildSettings = {
				ALWAYS_SEARCH_USER_PATHS = NO;
				ARCHS = "$(ARCHS_STANDARD_32_64_BIT)";
				CLANG_ENABLE_OBJC_ARC = YES;
				COPY_PHASE_STRIP = NO;
				GCC_C_LANGUAGE_STANDARD = gnu99;
				GCC_DYNAMIC_NO_PIC = NO;
				GCC_ENABLE_OBJC_EXCEPTIONS = YES;
				GCC_OPTIMIZATION_LEVEL = 0;
				GCC_PREPROCESSOR_DEFINITIONS = (
					"DEBUG=1",
					"$(inherited)",
				);
				GCC_SYMBOLS_PRIVATE_EXTERN = NO;
				GCC_WARN_64_TO_32_BIT_CONVERSION = YES;
				GCC_WARN_ABOUT_RETURN_TYPE = YES;
				GCC_WARN_UNINITIALIZED_AUTOS = YES;
				GCC_WARN_UNUSED_VARIABLE = YES;
				HEADER_SEARCH_PATHS = ../../include;
				MACOSX_DEPLOYMENT_TARGET = 10.7;
				ONLY_ACTIVE_ARCH = YES;
				PRODUCT_NAME = mongodb_macos;
				SDKROOT = macosx;
			};
			name = Debug;
		};
		5CEE1C701573CD2E00BC45C6 /* Release */ = {
			isa = XCBuildConfiguration;
			buildSettings = {
				ALWAYS_SEARCH_USER_PATHS = NO;
				ARCHS = "$(ARCHS_STANDARD_32_64_BIT)";
				CLANG_ENABLE_OBJC_ARC = YES;
				COPY_PHASE_STRIP = YES;
				DEBUG_INFORMATION_FORMAT = "dwarf-with-dsym";
				GCC_C_LANGUAGE_STANDARD = gnu99;
				GCC_ENABLE_OBJC_EXCEPTIONS = YES;
				GCC_WARN_64_TO_32_BIT_CONVERSION = YES;
				GCC_WARN_ABOUT_RETURN_TYPE = YES;
				GCC_WARN_UNINITIALIZED_AUTOS = YES;
				GCC_WARN_UNUSED_VARIABLE = YES;
				HEADER_SEARCH_PATHS = ../../include;
				MACOSX_DEPLOYMENT_TARGET = 10.7;
				PRODUCT_NAME = mongodb_macos;
				SDKROOT = macosx;
			};
			name = Release;
		};
		5CEE1C721573CD2E00BC45C6 /* Debug */ = {
			isa = XCBuildConfiguration;
			buildSettings = {
				EXECUTABLE_PREFIX = lib;
			};
			name = Debug;
		};
		5CEE1C731573CD2E00BC45C6 /* Release */ = {
			isa = XCBuildConfiguration;
			buildSettings = {
				EXECUTABLE_PREFIX = lib;
			};
			name = Release;
		};
/* End XCBuildConfiguration section */

/* Begin XCConfigurationList section */
		5CEE1C671573CD2E00BC45C6 /* Build configuration list for PBXProject "mongodblib" */ = {
			isa = XCConfigurationList;
			buildConfigurations = (
				5CEE1C6F1573CD2E00BC45C6 /* Debug */,
				5CEE1C701573CD2E00BC45C6 /* Release */,
			);
			defaultConfigurationIsVisible = 0;
			defaultConfigurationName = Release;
		};
		5CEE1C711573CD2E00BC45C6 /* Build configuration list for PBXNativeTarget "mongodblib" */ = {
			isa = XCConfigurationList;
			buildConfigurations = (
				5CEE1C721573CD2E00BC45C6 /* Debug */,
				5CEE1C731573CD2E00BC45C6 /* Release */,
			);
			defaultConfigurationIsVisible = 0;
			defaultConfigurationName = Release;
		};
/* End XCConfigurationList section */
	};
	rootObject = 5CEE1C641573CD2E00BC45C6 /* Project object */;
}
